<?xml version="1.0"?>
<plist version="1.0">
	<dict>
		<key>archiveVersion</key>
		<string>1</string>
		<key>classes</key>
		<dict />
		<key>objectVersion</key>
		<string>46</string>
		<key>objects</key>
		<dict>
			<key>F7FBC56859535E597B24BB91</key>
			<dict>
				<key>explicitFileType</key>
				<string>sourcecode.c.h</string>
				<key>fileEncoding</key>
				<string>4</string>
				<key>isa</key>
				<string>PBXFileReference</string>
				<key>name</key>
				<string>NetworkingUtils.h</string>
				<key>path</key>
				<string>../../../addons/ofxOsc/libs/oscpack/src/ip/NetworkingUtils.h</string>
				<key>sourceTree</key>
				<string>SOURCE_ROOT</string>
			</dict>
			<key>ADE367465D2A8EBAD4C7A8D9</key>
			<dict>
				<key>fileRef</key>
				<string>ADD194746185E2DA11468377</string>
				<key>isa</key>
				<string>PBXBuildFile</string>
			</dict>
			<key>ADD194746185E2DA11468377</key>
			<dict>
				<key>explicitFileType</key>
				<string>sourcecode.cpp.cpp</string>
				<key>fileEncoding</key>
				<string>4</string>
				<key>isa</key>
				<string>PBXFileReference</string>
				<key>name</key>
				<string>IpEndpointName.cpp</string>
				<key>path</key>
				<string>../../../addons/ofxOsc/libs/oscpack/src/ip/IpEndpointName.cpp</string>
				<key>sourceTree</key>
				<string>SOURCE_ROOT</string>
			</dict>
			<key>48974F980F51769171D0B2F5</key>
			<dict>
				<key>explicitFileType</key>
				<string>sourcecode.c.h</string>
				<key>fileEncoding</key>
				<string>4</string>
				<key>isa</key>
				<string>PBXFileReference</string>
				<key>name</key>
				<string>IpEndpointName.h</string>
				<key>path</key>
				<string>../../../addons/ofxOsc/libs/oscpack/src/ip/IpEndpointName.h</string>
				<key>sourceTree</key>
				<string>SOURCE_ROOT</string>
			</dict>
			<key>23640F57DF6C4BB6BFC5DA4C</key>
			<dict>
				<key>explicitFileType</key>
				<string>sourcecode.c.h</string>
				<key>fileEncoding</key>
				<string>4</string>
				<key>isa</key>
				<string>PBXFileReference</string>
				<key>name</key>
				<string>PacketListener.h</string>
				<key>path</key>
				<string>../../../addons/ofxOsc/libs/oscpack/src/ip/PacketListener.h</string>
				<key>sourceTree</key>
				<string>SOURCE_ROOT</string>
			</dict>
			<key>444657A12E59D0ED86981498</key>
			<dict>
				<key>explicitFileType</key>
				<string>sourcecode.c.h</string>
				<key>fileEncoding</key>
				<string>4</string>
				<key>isa</key>
				<string>PBXFileReference</string>
				<key>name</key>
				<string>TimerListener.h</string>
				<key>path</key>
				<string>../../../addons/ofxOsc/libs/oscpack/src/ip/TimerListener.h</string>
				<key>sourceTree</key>
				<string>SOURCE_ROOT</string>
			</dict>
			<key>2FD4B0329909D3527F003494</key>
			<dict>
				<key>explicitFileType</key>
				<string>sourcecode.c.h</string>
				<key>fileEncoding</key>
				<string>4</string>
				<key>isa</key>
				<string>PBXFileReference</string>
				<key>name</key>
				<string>UdpSocket.h</string>
				<key>path</key>
				<string>../../../addons/ofxOsc/libs/oscpack/src/ip/UdpSocket.h</string>
				<key>sourceTree</key>
				<string>SOURCE_ROOT</string>
			</dict>
			<key>510CAFE035E576A4E1502D52</key>
			<dict>
				<key>fileRef</key>
				<string>E6DEF695B88BA5FAACEAA937</string>
				<key>isa</key>
				<string>PBXBuildFile</string>
			</dict>
			<key>E6DEF695B88BA5FAACEAA937</key>
			<dict>
				<key>explicitFileType</key>
				<string>sourcecode.cpp.cpp</string>
				<key>fileEncoding</key>
				<string>4</string>
				<key>isa</key>
				<string>PBXFileReference</string>
				<key>name</key>
				<string>UdpSocket.cpp</string>
				<key>path</key>
				<string>../../../addons/ofxOsc/libs/oscpack/src/ip/posix/UdpSocket.cpp</string>
				<key>sourceTree</key>
				<string>SOURCE_ROOT</string>
			</dict>
			<key>641362CA659FAFEE4E81001B</key>
			<dict>
				<key>children</key>
				<array>
					<string>3B361208CD4107E479F04E7B</string>
					<string>E6DEF695B88BA5FAACEAA937</string>
				</array>
				<key>isa</key>
				<string>PBXGroup</string>
				<key>name</key>
				<string>posix</string>
				<key>sourceTree</key>
				<string>&lt;group&gt;</string>
			</dict>
			<key>FF8CDF57858E9B94E3237115</key>
			<dict>
				<key>children</key>
				<array>
					<string>641362CA659FAFEE4E81001B</string>
					<string>2FD4B0329909D3527F003494</string>
					<string>444657A12E59D0ED86981498</string>
					<string>23640F57DF6C4BB6BFC5DA4C</string>
					<string>48974F980F51769171D0B2F5</string>
					<string>ADD194746185E2DA11468377</string>
					<string>F7FBC56859535E597B24BB91</string>
				</array>
				<key>isa</key>
				<string>PBXGroup</string>
				<key>name</key>
				<string>ip</string>
				<key>sourceTree</key>
				<string>&lt;group&gt;</string>
			</dict>
			<key>67FE4C7B15C2F0478C8126C2</key>
			<dict>
				<key>fileRef</key>
				<string>3B361208CD4107E479F04E7B</string>
				<key>isa</key>
				<string>PBXBuildFile</string>
			</dict>
			<key>3B361208CD4107E479F04E7B</key>
			<dict>
				<key>explicitFileType</key>
				<string>sourcecode.cpp.cpp</string>
				<key>fileEncoding</key>
				<string>4</string>
				<key>isa</key>
				<string>PBXFileReference</string>
				<key>name</key>
				<string>NetworkingUtils.cpp</string>
				<key>path</key>
				<string>../../../addons/ofxOsc/libs/oscpack/src/ip/posix/NetworkingUtils.cpp</string>
				<key>sourceTree</key>
				<string>SOURCE_ROOT</string>
			</dict>
			<key>C6937888E126BADC8777423B</key>
			<dict>
				<key>explicitFileType</key>
				<string>sourcecode.c.h</string>
				<key>fileEncoding</key>
				<string>4</string>
				<key>isa</key>
				<string>PBXFileReference</string>
				<key>name</key>
				<string>OscTypes.h</string>
				<key>path</key>
				<string>../../../addons/ofxOsc/libs/oscpack/src/osc/OscTypes.h</string>
				<key>sourceTree</key>
				<string>SOURCE_ROOT</string>
			</dict>
			<key>20F35AFADAF0068B067E713F</key>
			<dict>
				<key>explicitFileType</key>
				<string>sourcecode.c.h</string>
				<key>fileEncoding</key>
				<string>4</string>
				<key>isa</key>
				<string>PBXFileReference</string>
				<key>name</key>
				<string>OscReceivedElements.h</string>
				<key>path</key>
				<string>../../../addons/ofxOsc/libs/oscpack/src/osc/OscReceivedElements.h</string>
				<key>sourceTree</key>
				<string>SOURCE_ROOT</string>
			</dict>
			<key>C4782ECC372420ACE0615B74</key>
			<dict>
				<key>fileRef</key>
				<string>BC8881B3C8C0A1C45F042E7A</string>
				<key>isa</key>
				<string>PBXBuildFile</string>
			</dict>
			<key>BC8881B3C8C0A1C45F042E7A</key>
			<dict>
				<key>explicitFileType</key>
				<string>sourcecode.cpp.cpp</string>
				<key>fileEncoding</key>
				<string>4</string>
				<key>isa</key>
				<string>PBXFileReference</string>
				<key>name</key>
				<string>OscPrintReceivedElements.cpp</string>
				<key>path</key>
				<string>../../../addons/ofxOsc/libs/oscpack/src/osc/OscPrintReceivedElements.cpp</string>
				<key>sourceTree</key>
				<string>SOURCE_ROOT</string>
			</dict>
			<key>0546D1A38E13BD319CC9755B</key>
			<dict>
				<key>fileRef</key>
				<string>9BF3AA0D4FAA89D0F8A0E545</string>
				<key>isa</key>
				<string>PBXBuildFile</string>
			</dict>
			<key>9BF3AA0D4FAA89D0F8A0E545</key>
			<dict>
				<key>explicitFileType</key>
				<string>sourcecode.cpp.cpp</string>
				<key>fileEncoding</key>
				<string>4</string>
				<key>isa</key>
				<string>PBXFileReference</string>
				<key>name</key>
				<string>OscReceivedElements.cpp</string>
				<key>path</key>
				<string>../../../addons/ofxOsc/libs/oscpack/src/osc/OscReceivedElements.cpp</string>
				<key>sourceTree</key>
				<string>SOURCE_ROOT</string>
			</dict>
			<key>029684CF678F70F6D3537A29</key>
			<dict>
				<key>explicitFileType</key>
				<string>sourcecode.c.h</string>
				<key>fileEncoding</key>
				<string>4</string>
				<key>isa</key>
				<string>PBXFileReference</string>
				<key>name</key>
				<string>OscOutboundPacketStream.h</string>
				<key>path</key>
				<string>../../../addons/ofxOsc/libs/oscpack/src/osc/OscOutboundPacketStream.h</string>
				<key>sourceTree</key>
				<string>SOURCE_ROOT</string>
			</dict>
			<key>F4F5B6B8BA2BD52C646ED908</key>
			<dict>
				<key>explicitFileType</key>
				<string>sourcecode.c.h</string>
				<key>fileEncoding</key>
				<string>4</string>
				<key>isa</key>
				<string>PBXFileReference</string>
				<key>name</key>
				<string>OscException.h</string>
				<key>path</key>
				<string>../../../addons/ofxOsc/libs/oscpack/src/osc/OscException.h</string>
				<key>sourceTree</key>
				<string>SOURCE_ROOT</string>
			</dict>
			<key>A2AAA8CA403479E6FCDF920E</key>
			<dict>
				<key>explicitFileType</key>
				<string>sourcecode.c.h</string>
				<key>fileEncoding</key>
				<string>4</string>
				<key>isa</key>
				<string>PBXFileReference</string>
				<key>name</key>
				<string>OscHostEndianness.h</string>
				<key>path</key>
				<string>../../../addons/ofxOsc/libs/oscpack/src/osc/OscHostEndianness.h</string>
				<key>sourceTree</key>
				<string>SOURCE_ROOT</string>
			</dict>
			<key>AE335EB4709BFD4671EEAC84</key>
			<dict>
				<key>explicitFileType</key>
				<string>sourcecode.c.h</string>
				<key>fileEncoding</key>
				<string>4</string>
				<key>isa</key>
				<string>PBXFileReference</string>
				<key>name</key>
				<string>MessageMappingOscPacketListener.h</string>
				<key>path</key>
				<string>../../../addons/ofxOsc/libs/oscpack/src/osc/MessageMappingOscPacketListener.h</string>
				<key>sourceTree</key>
				<string>SOURCE_ROOT</string>
			</dict>
			<key>4E95FB446A9C9C6F0DE12D75</key>
			<dict>
				<key>explicitFileType</key>
				<string>sourcecode.c.h</string>
				<key>fileEncoding</key>
				<string>4</string>
				<key>isa</key>
				<string>PBXFileReference</string>
				<key>name</key>
				<string>OscPrintReceivedElements.h</string>
				<key>path</key>
				<string>../../../addons/ofxOsc/libs/oscpack/src/osc/OscPrintReceivedElements.h</string>
				<key>sourceTree</key>
				<string>SOURCE_ROOT</string>
			</dict>
			<key>879A251454401BC0B6E4F238</key>
			<dict>
				<key>fileRef</key>
				<string>D9BFFBBF4CC43DEE890B3C3E</string>
				<key>isa</key>
				<string>PBXBuildFile</string>
			</dict>
			<key>D9BFFBBF4CC43DEE890B3C3E</key>
			<dict>
				<key>explicitFileType</key>
				<string>sourcecode.cpp.cpp</string>
				<key>fileEncoding</key>
				<string>4</string>
				<key>isa</key>
				<string>PBXFileReference</string>
				<key>name</key>
				<string>OscTypes.cpp</string>
				<key>path</key>
				<string>../../../addons/ofxOsc/libs/oscpack/src/osc/OscTypes.cpp</string>
				<key>sourceTree</key>
				<string>SOURCE_ROOT</string>
			</dict>
			<key>6B65E6930994CC4B2D2B8B33</key>
			<dict>
				<key>explicitFileType</key>
				<string>sourcecode.c.h</string>
				<key>fileEncoding</key>
				<string>4</string>
				<key>isa</key>
				<string>PBXFileReference</string>
				<key>name</key>
				<string>OscPacketListener.h</string>
				<key>path</key>
				<string>../../../addons/ofxOsc/libs/oscpack/src/osc/OscPacketListener.h</string>
				<key>sourceTree</key>
				<string>SOURCE_ROOT</string>
			</dict>
			<key>30CB364908817057B430D528</key>
			<dict>
				<key>children</key>
				<array>
					<string>63A47AC60FFAFC3BF093EC0F</string>
					<string>6B65E6930994CC4B2D2B8B33</string>
					<string>D9BFFBBF4CC43DEE890B3C3E</string>
					<string>4E95FB446A9C9C6F0DE12D75</string>
					<string>AE335EB4709BFD4671EEAC84</string>
					<string>A2AAA8CA403479E6FCDF920E</string>
					<string>F4F5B6B8BA2BD52C646ED908</string>
					<string>029684CF678F70F6D3537A29</string>
					<string>9BF3AA0D4FAA89D0F8A0E545</string>
					<string>BC8881B3C8C0A1C45F042E7A</string>
					<string>20F35AFADAF0068B067E713F</string>
					<string>C6937888E126BADC8777423B</string>
				</array>
				<key>isa</key>
				<string>PBXGroup</string>
				<key>name</key>
				<string>osc</string>
				<key>sourceTree</key>
				<string>&lt;group&gt;</string>
			</dict>
			<key>D27B2221A225CA523C019676</key>
			<dict>
				<key>children</key>
				<array>
					<string>30CB364908817057B430D528</string>
					<string>FF8CDF57858E9B94E3237115</string>
				</array>
				<key>isa</key>
				<string>PBXGroup</string>
				<key>name</key>
				<string>src</string>
				<key>sourceTree</key>
				<string>&lt;group&gt;</string>
			</dict>
			<key>86D2677079A3AF4A5A88E29A</key>
			<dict>
				<key>children</key>
				<array>
					<string>D27B2221A225CA523C019676</string>
				</array>
				<key>isa</key>
				<string>PBXGroup</string>
				<key>name</key>
				<string>oscpack</string>
				<key>sourceTree</key>
				<string>&lt;group&gt;</string>
			</dict>
			<key>38871A5825686AE018EC2BF0</key>
			<dict>
				<key>children</key>
				<array>
					<string>86D2677079A3AF4A5A88E29A</string>
				</array>
				<key>isa</key>
				<string>PBXGroup</string>
				<key>name</key>
				<string>libs</string>
				<key>sourceTree</key>
				<string>&lt;group&gt;</string>
			</dict>
			<key>62545D179C94265CA1389D4A</key>
			<dict>
				<key>fileRef</key>
				<string>63A47AC60FFAFC3BF093EC0F</string>
				<key>isa</key>
				<string>PBXBuildFile</string>
			</dict>
			<key>63A47AC60FFAFC3BF093EC0F</key>
			<dict>
				<key>explicitFileType</key>
				<string>sourcecode.cpp.cpp</string>
				<key>fileEncoding</key>
				<string>4</string>
				<key>isa</key>
				<string>PBXFileReference</string>
				<key>name</key>
				<string>OscOutboundPacketStream.cpp</string>
				<key>path</key>
				<string>../../../addons/ofxOsc/libs/oscpack/src/osc/OscOutboundPacketStream.cpp</string>
				<key>sourceTree</key>
				<string>SOURCE_ROOT</string>
			</dict>
			<key>9F7986DC4EB05E75FCE2C777</key>
			<dict>
				<key>explicitFileType</key>
				<string>sourcecode.c.h</string>
				<key>fileEncoding</key>
				<string>4</string>
				<key>isa</key>
				<string>PBXFileReference</string>
				<key>name</key>
				<string>ofxOscSender.h</string>
				<key>path</key>
				<string>../../../addons/ofxOsc/src/ofxOscSender.h</string>
				<key>sourceTree</key>
				<string>SOURCE_ROOT</string>
			</dict>
			<key>8F5205AEF8861EF234F0651A</key>
			<dict>
				<key>fileRef</key>
				<string>81967292BFC87A0144BD32C6</string>
				<key>isa</key>
				<string>PBXBuildFile</string>
			</dict>
			<key>81967292BFC87A0144BD32C6</key>
			<dict>
				<key>explicitFileType</key>
				<string>sourcecode.cpp.cpp</string>
				<key>fileEncoding</key>
				<string>4</string>
				<key>isa</key>
				<string>PBXFileReference</string>
				<key>name</key>
				<string>ofxOscSender.cpp</string>
				<key>path</key>
				<string>../../../addons/ofxOsc/src/ofxOscSender.cpp</string>
				<key>sourceTree</key>
				<string>SOURCE_ROOT</string>
			</dict>
			<key>8B30E93FD3D3475EED522A0E</key>
			<dict>
				<key>explicitFileType</key>
				<string>sourcecode.c.h</string>
				<key>fileEncoding</key>
				<string>4</string>
				<key>isa</key>
				<string>PBXFileReference</string>
				<key>name</key>
				<string>ofxOscBundle.h</string>
				<key>path</key>
				<string>../../../addons/ofxOsc/src/ofxOscBundle.h</string>
				<key>sourceTree</key>
				<string>SOURCE_ROOT</string>
			</dict>
			<key>C58862C6D212C8E8A83810F4</key>
			<dict>
				<key>explicitFileType</key>
				<string>sourcecode.c.h</string>
				<key>fileEncoding</key>
				<string>4</string>
				<key>isa</key>
				<string>PBXFileReference</string>
				<key>name</key>
				<string>ofxOscMessage.h</string>
				<key>path</key>
				<string>../../../addons/ofxOsc/src/ofxOscMessage.h</string>
				<key>sourceTree</key>
				<string>SOURCE_ROOT</string>
			</dict>
			<key>640279EE111671BD026CB013</key>
			<dict>
				<key>fileRef</key>
				<string>C2FAC65C491D4231379F3298</string>
				<key>isa</key>
				<string>PBXBuildFile</string>
			</dict>
			<key>C2FAC65C491D4231379F3298</key>
			<dict>
				<key>explicitFileType</key>
				<string>sourcecode.cpp.cpp</string>
				<key>fileEncoding</key>
				<string>4</string>
				<key>isa</key>
				<string>PBXFileReference</string>
				<key>name</key>
				<string>ofxOscReceiver.cpp</string>
				<key>path</key>
				<string>../../../addons/ofxOsc/src/ofxOscReceiver.cpp</string>
				<key>sourceTree</key>
				<string>SOURCE_ROOT</string>
			</dict>
			<key>7689F8A0F3D0B7635A8C3104</key>
			<dict>
				<key>explicitFileType</key>
				<string>sourcecode.c.h</string>
				<key>fileEncoding</key>
				<string>4</string>
				<key>isa</key>
				<string>PBXFileReference</string>
				<key>name</key>
				<string>ofxOscArg.h</string>
				<key>path</key>
				<string>../../../addons/ofxOsc/src/ofxOscArg.h</string>
				<key>sourceTree</key>
				<string>SOURCE_ROOT</string>
			</dict>
			<key>8C75AFC8774A62495DD53464</key>
			<dict>
				<key>explicitFileType</key>
				<string>sourcecode.c.h</string>
				<key>fileEncoding</key>
				<string>4</string>
				<key>isa</key>
				<string>PBXFileReference</string>
				<key>name</key>
				<string>ofxOscReceiver.h</string>
				<key>path</key>
				<string>../../../addons/ofxOsc/src/ofxOscReceiver.h</string>
				<key>sourceTree</key>
				<string>SOURCE_ROOT</string>
			</dict>
			<key>72A929D3561B8232A182ABFC</key>
			<dict>
				<key>fileRef</key>
				<string>65EEFA3DA3526E9CDD9C21F9</string>
				<key>isa</key>
				<string>PBXBuildFile</string>
			</dict>
			<key>65EEFA3DA3526E9CDD9C21F9</key>
			<dict>
				<key>explicitFileType</key>
				<string>sourcecode.cpp.cpp</string>
				<key>fileEncoding</key>
				<string>4</string>
				<key>isa</key>
				<string>PBXFileReference</string>
				<key>name</key>
				<string>ofxOscBundle.cpp</string>
				<key>path</key>
				<string>../../../addons/ofxOsc/src/ofxOscBundle.cpp</string>
				<key>sourceTree</key>
				<string>SOURCE_ROOT</string>
			</dict>
			<key>00D6D32B84B099226431108C</key>
			<dict>
				<key>explicitFileType</key>
				<string>sourcecode.c.h</string>
				<key>fileEncoding</key>
				<string>4</string>
				<key>isa</key>
				<string>PBXFileReference</string>
				<key>name</key>
				<string>ofxOsc.h</string>
				<key>path</key>
				<string>../../../addons/ofxOsc/src/ofxOsc.h</string>
				<key>sourceTree</key>
				<string>SOURCE_ROOT</string>
			</dict>
			<key>5864AD82E20F15536D054EA3</key>
			<dict>
				<key>fileRef</key>
				<string>DF49D76C45D5DB505A234880</string>
				<key>isa</key>
				<string>PBXBuildFile</string>
			</dict>
			<key>DF49D76C45D5DB505A234880</key>
			<dict>
				<key>explicitFileType</key>
				<string>sourcecode.cpp.cpp</string>
				<key>fileEncoding</key>
				<string>4</string>
				<key>isa</key>
				<string>PBXFileReference</string>
				<key>name</key>
				<string>ofxOscMessage.cpp</string>
				<key>path</key>
				<string>../../../addons/ofxOsc/src/ofxOscMessage.cpp</string>
				<key>sourceTree</key>
				<string>SOURCE_ROOT</string>
			</dict>
			<key>4ADB88E2FB52E76A471065DE</key>
			<dict>
				<key>fileRef</key>
				<string>0AED834CE4DEC5260AF302A2</string>
				<key>isa</key>
				<string>PBXBuildFile</string>
			</dict>
			<key>0AED834CE4DEC5260AF302A2</key>
			<dict>
				<key>explicitFileType</key>
				<string>sourcecode.cpp.cpp</string>
				<key>fileEncoding</key>
				<string>4</string>
				<key>isa</key>
				<string>PBXFileReference</string>
				<key>name</key>
				<string>ofxOscParameterSync.cpp</string>
				<key>path</key>
				<string>../../../addons/ofxOsc/src/ofxOscParameterSync.cpp</string>
				<key>sourceTree</key>
				<string>SOURCE_ROOT</string>
			</dict>
			<key>BD2F1A9F8D0C05EDB29122D0</key>
			<dict>
				<key>children</key>
				<array>
					<string>B31C608870ECEB2490A93736</string>
					<string>0AED834CE4DEC5260AF302A2</string>
					<string>DF49D76C45D5DB505A234880</string>
					<string>00D6D32B84B099226431108C</string>
					<string>65EEFA3DA3526E9CDD9C21F9</string>
					<string>8C75AFC8774A62495DD53464</string>
					<string>7689F8A0F3D0B7635A8C3104</string>
					<string>C2FAC65C491D4231379F3298</string>
					<string>C58862C6D212C8E8A83810F4</string>
					<string>8B30E93FD3D3475EED522A0E</string>
					<string>81967292BFC87A0144BD32C6</string>
					<string>9F7986DC4EB05E75FCE2C777</string>
				</array>
				<key>isa</key>
				<string>PBXGroup</string>
				<key>name</key>
				<string>src</string>
				<key>sourceTree</key>
				<string>&lt;group&gt;</string>
			</dict>
			<key>E6053AB7FEC63D5F83825B88</key>
			<dict>
				<key>children</key>
				<array>
					<string>BD2F1A9F8D0C05EDB29122D0</string>
					<string>38871A5825686AE018EC2BF0</string>
				</array>
				<key>isa</key>
				<string>PBXGroup</string>
				<key>name</key>
				<string>ofxOsc</string>
				<key>sourceTree</key>
				<string>&lt;group&gt;</string>
			</dict>
			<key>B31C608870ECEB2490A93736</key>
			<dict>
				<key>explicitFileType</key>
				<string>sourcecode.c.h</string>
				<key>fileEncoding</key>
				<string>4</string>
				<key>isa</key>
				<string>PBXFileReference</string>
				<key>name</key>
				<string>ofxOscParameterSync.h</string>
				<key>path</key>
				<string>../../../addons/ofxOsc/src/ofxOscParameterSync.h</string>
				<key>sourceTree</key>
				<string>SOURCE_ROOT</string>
			</dict>
			<key>0B14C8F09D87E2C7741495C5</key>
			<dict>
				<key>explicitFileType</key>
				<string>sourcecode.c.h</string>
				<key>fileEncoding</key>
				<string>4</string>
				<key>isa</key>
				<string>PBXFileReference</string>
				<key>name</key>
				<string>OMXPlayerAudio.h</string>
				<key>path</key>
				<string>../../../addons/ofxOMXPlayer/src/OMXPlayerAudio.h</string>
				<key>sourceTree</key>
				<string>SOURCE_ROOT</string>
			</dict>
			<key>ED74456BF4B8A0638D34BE7A</key>
			<dict>
				<key>explicitFileType</key>
				<string>sourcecode.c.h</string>
				<key>fileEncoding</key>
				<string>4</string>
				<key>isa</key>
				<string>PBXFileReference</string>
				<key>name</key>
				<string>OMXClock.h</string>
				<key>path</key>
				<string>../../../addons/ofxOMXPlayer/src/OMXClock.h</string>
				<key>sourceTree</key>
				<string>SOURCE_ROOT</string>
			</dict>
			<key>E43C1796B7F223A737FD61FE</key>
			<dict>
				<key>explicitFileType</key>
				<string>sourcecode.c.h</string>
				<key>fileEncoding</key>
				<string>4</string>
				<key>isa</key>
				<string>PBXFileReference</string>
				<key>name</key>
				<string>TerminalListener.h</string>
				<key>path</key>
				<string>../../../addons/ofxOMXPlayer/src/TerminalListener.h</string>
				<key>sourceTree</key>
				<string>SOURCE_ROOT</string>
			</dict>
			<key>5E9B255DCB4E095C0740D5E7</key>
			<dict>
				<key>explicitFileType</key>
				<string>sourcecode.c.h</string>
				<key>fileEncoding</key>
				<string>4</string>
				<key>isa</key>
				<string>PBXFileReference</string>
				<key>name</key>
				<string>OMXAlsa.h</string>
				<key>path</key>
				<string>../../../addons/ofxOMXPlayer/src/OMXAlsa.h</string>
				<key>sourceTree</key>
				<string>SOURCE_ROOT</string>
			</dict>
			<key>82284211DB90E88996F9D752</key>
			<dict>
				<key>explicitFileType</key>
				<string>sourcecode.c.h</string>
				<key>fileEncoding</key>
				<string>4</string>
				<key>isa</key>
				<string>PBXFileReference</string>
				<key>name</key>
				<string>DllAvUtil.h</string>
				<key>path</key>
				<string>../../../addons/ofxOMXPlayer/src/DllAvUtil.h</string>
				<key>sourceTree</key>
				<string>SOURCE_ROOT</string>
			</dict>
			<key>8D3A8B6EB3AD50A304ACE4A3</key>
			<dict>
				<key>fileRef</key>
				<string>5A97CD03C70CCB84CCBA2969</string>
				<key>isa</key>
				<string>PBXBuildFile</string>
			</dict>
			<key>5A97CD03C70CCB84CCBA2969</key>
			<dict>
				<key>explicitFileType</key>
				<string>sourcecode.cpp.cpp</string>
				<key>fileEncoding</key>
				<string>4</string>
				<key>isa</key>
				<string>PBXFileReference</string>
				<key>name</key>
				<string>OMXCore.cpp</string>
				<key>path</key>
				<string>../../../addons/ofxOMXPlayer/src/OMXCore.cpp</string>
				<key>sourceTree</key>
				<string>SOURCE_ROOT</string>
			</dict>
			<key>233C6FEFF7B161AAB793588A</key>
			<dict>
				<key>explicitFileType</key>
				<string>sourcecode.c.h</string>
				<key>fileEncoding</key>
				<string>4</string>
				<key>isa</key>
				<string>PBXFileReference</string>
				<key>name</key>
				<string>DynamicDll.h</string>
				<key>path</key>
				<string>../../../addons/ofxOMXPlayer/src/DynamicDll.h</string>
				<key>sourceTree</key>
				<string>SOURCE_ROOT</string>
			</dict>
			<key>7B5F4E9687AEC871A7330A09</key>
			<dict>
				<key>explicitFileType</key>
				<string>sourcecode.c.h</string>
				<key>fileEncoding</key>
				<string>4</string>
				<key>isa</key>
				<string>PBXFileReference</string>
				<key>name</key>
				<string>DllOMX.h</string>
				<key>path</key>
				<string>../../../addons/ofxOMXPlayer/src/DllOMX.h</string>
				<key>sourceTree</key>
				<string>SOURCE_ROOT</string>
			</dict>
			<key>E9BFBF158BAF5F0B1B3C7210</key>
			<dict>
				<key>explicitFileType</key>
				<string>sourcecode.c.h</string>
				<key>fileEncoding</key>
				<string>4</string>
				<key>isa</key>
				<string>PBXFileReference</string>
				<key>name</key>
				<string>KeyConfig.h</string>
				<key>path</key>
				<string>../../../addons/ofxOMXPlayer/src/KeyConfig.h</string>
				<key>sourceTree</key>
				<string>SOURCE_ROOT</string>
			</dict>
			<key>D04DD7DD978BB2B8E70CF0B0</key>
			<dict>
				<key>fileRef</key>
				<string>92F1AC2F267FC84EDA403843</string>
				<key>isa</key>
				<string>PBXBuildFile</string>
			</dict>
			<key>92F1AC2F267FC84EDA403843</key>
			<dict>
				<key>explicitFileType</key>
				<string>sourcecode.cpp.cpp</string>
				<key>fileEncoding</key>
				<string>4</string>
				<key>isa</key>
				<string>PBXFileReference</string>
				<key>name</key>
				<string>BitstreamConverter.cpp</string>
				<key>path</key>
				<string>../../../addons/ofxOMXPlayer/src/BitstreamConverter.cpp</string>
				<key>sourceTree</key>
				<string>SOURCE_ROOT</string>
			</dict>
			<key>945007E73BF359DE547EED22</key>
			<dict>
				<key>fileRef</key>
				<string>A8BD1032B6567431FD96CEF7</string>
				<key>isa</key>
				<string>PBXBuildFile</string>
			</dict>
			<key>A8BD1032B6567431FD96CEF7</key>
			<dict>
				<key>explicitFileType</key>
				<string>sourcecode.cpp.cpp</string>
				<key>fileEncoding</key>
				<string>4</string>
				<key>isa</key>
				<string>PBXFileReference</string>
				<key>name</key>
				<string>OMXThread.cpp</string>
				<key>path</key>
				<string>../../../addons/ofxOMXPlayer/src/OMXThread.cpp</string>
				<key>sourceTree</key>
				<string>SOURCE_ROOT</string>
			</dict>
			<key>EDFDAA980F71E84321437C63</key>
			<dict>
				<key>explicitFileType</key>
				<string>sourcecode.c.h</string>
				<key>fileEncoding</key>
				<string>4</string>
				<key>isa</key>
				<string>PBXFileReference</string>
				<key>name</key>
				<string>system.h</string>
				<key>path</key>
				<string>../../../addons/ofxOMXPlayer/src/system.h</string>
				<key>sourceTree</key>
				<string>SOURCE_ROOT</string>
			</dict>
			<key>3FBE5C3E4FFDD184FB17A583</key>
			<dict>
				<key>explicitFileType</key>
				<string>sourcecode.c.h</string>
				<key>fileEncoding</key>
				<string>4</string>
				<key>isa</key>
				<string>PBXFileReference</string>
				<key>name</key>
				<string>ofxOMXPlayerSettings.h</string>
				<key>path</key>
				<string>../../../addons/ofxOMXPlayer/src/ofxOMXPlayerSettings.h</string>
				<key>sourceTree</key>
				<string>SOURCE_ROOT</string>
			</dict>
			<key>D37A3659FDC10CD236D596B1</key>
			<dict>
				<key>explicitFileType</key>
				<string>sourcecode.c.h</string>
				<key>fileEncoding</key>
				<string>4</string>
				<key>isa</key>
				<string>PBXFileReference</string>
				<key>name</key>
				<string>OMXReader.h</string>
				<key>path</key>
				<string>../../../addons/ofxOMXPlayer/src/OMXReader.h</string>
				<key>sourceTree</key>
				<string>SOURCE_ROOT</string>
			</dict>
			<key>706F60D1EE0DBF631F39B2A1</key>
			<dict>
				<key>explicitFileType</key>
				<string>sourcecode.c.h</string>
				<key>fileEncoding</key>
				<string>4</string>
				<key>isa</key>
				<string>PBXFileReference</string>
				<key>name</key>
				<string>stat_utf8.h</string>
				<key>path</key>
				<string>../../../addons/ofxOMXPlayer/src/stat_utf8.h</string>
				<key>sourceTree</key>
				<string>SOURCE_ROOT</string>
			</dict>
			<key>B1D9A436AA2230A85E238493</key>
			<dict>
				<key>explicitFileType</key>
				<string>sourcecode.c.h</string>
				<key>fileEncoding</key>
				<string>4</string>
				<key>isa</key>
				<string>PBXFileReference</string>
				<key>name</key>
				<string>OMXAudioCodecOMX.h</string>
				<key>path</key>
				<string>../../../addons/ofxOMXPlayer/src/OMXAudioCodecOMX.h</string>
				<key>sourceTree</key>
				<string>SOURCE_ROOT</string>
			</dict>
			<key>25CD83CEB38F1E18A865FC5E</key>
			<dict>
				<key>explicitFileType</key>
				<string>sourcecode.c.h</string>
				<key>fileEncoding</key>
				<string>4</string>
				<key>isa</key>
				<string>PBXFileReference</string>
				<key>name</key>
				<string>OMXVideo.h</string>
				<key>path</key>
				<string>../../../addons/ofxOMXPlayer/src/OMXVideo.h</string>
				<key>sourceTree</key>
				<string>SOURCE_ROOT</string>
			</dict>
			<key>902CD8C1F8575F5C45D4E4F9</key>
			<dict>
				<key>explicitFileType</key>
				<string>sourcecode.c.h</string>
				<key>fileEncoding</key>
				<string>4</string>
				<key>isa</key>
				<string>PBXFileReference</string>
				<key>name</key>
				<string>PlatformDefs.h</string>
				<key>path</key>
				<string>../../../addons/ofxOMXPlayer/src/linux/PlatformDefs.h</string>
				<key>sourceTree</key>
				<string>SOURCE_ROOT</string>
			</dict>
			<key>A2B7D5742589C2A8AF5AA89B</key>
			<dict>
				<key>explicitFileType</key>
				<string>sourcecode.c.h</string>
				<key>fileEncoding</key>
				<string>4</string>
				<key>isa</key>
				<string>PBXFileReference</string>
				<key>name</key>
				<string>XMemUtils.h</string>
				<key>path</key>
				<string>../../../addons/ofxOMXPlayer/src/linux/XMemUtils.h</string>
				<key>sourceTree</key>
				<string>SOURCE_ROOT</string>
			</dict>
			<key>37D1741933D7408940CE166E</key>
			<dict>
				<key>children</key>
				<array>
					<string>8B1F6AED0A09DD810E738A7B</string>
					<string>A2B7D5742589C2A8AF5AA89B</string>
					<string>902CD8C1F8575F5C45D4E4F9</string>
				</array>
				<key>isa</key>
				<string>PBXGroup</string>
				<key>name</key>
				<string>linux</string>
				<key>sourceTree</key>
				<string>&lt;group&gt;</string>
			</dict>
			<key>B4095C26BE26456DD1812A59</key>
			<dict>
				<key>fileRef</key>
				<string>8B1F6AED0A09DD810E738A7B</string>
				<key>isa</key>
				<string>PBXBuildFile</string>
			</dict>
			<key>8B1F6AED0A09DD810E738A7B</key>
			<dict>
				<key>explicitFileType</key>
				<string>sourcecode.cpp.cpp</string>
				<key>fileEncoding</key>
				<string>4</string>
				<key>isa</key>
				<string>PBXFileReference</string>
				<key>name</key>
				<string>XMemUtils.cpp</string>
				<key>path</key>
				<string>../../../addons/ofxOMXPlayer/src/linux/XMemUtils.cpp</string>
				<key>sourceTree</key>
				<string>SOURCE_ROOT</string>
			</dict>
			<key>A5A0996AFAF31C0DA24E318E</key>
			<dict>
				<key>fileRef</key>
				<string>34EE09248A3515E1671E11E4</string>
				<key>isa</key>
				<string>PBXBuildFile</string>
			</dict>
			<key>34EE09248A3515E1671E11E4</key>
			<dict>
				<key>explicitFileType</key>
				<string>sourcecode.cpp.cpp</string>
				<key>fileEncoding</key>
				<string>4</string>
				<key>isa</key>
				<string>PBXFileReference</string>
				<key>name</key>
				<string>OMXAlsa.cpp</string>
				<key>path</key>
				<string>../../../addons/ofxOMXPlayer/src/OMXAlsa.cpp</string>
				<key>sourceTree</key>
				<string>SOURCE_ROOT</string>
			</dict>
			<key>0201166E22FE9DBB20EE73BA</key>
			<dict>
				<key>fileRef</key>
				<string>2EA06D1472D64496E5189A65</string>
				<key>isa</key>
				<string>PBXBuildFile</string>
			</dict>
			<key>2EA06D1472D64496E5189A65</key>
			<dict>
				<key>explicitFileType</key>
				<string>sourcecode.cpp.cpp</string>
				<key>fileEncoding</key>
				<string>4</string>
				<key>isa</key>
				<string>PBXFileReference</string>
				<key>name</key>
				<string>OMXVideo.cpp</string>
				<key>path</key>
				<string>../../../addons/ofxOMXPlayer/src/OMXVideo.cpp</string>
				<key>sourceTree</key>
				<string>SOURCE_ROOT</string>
			</dict>
			<key>FD70209ACC761C872E4B2E74</key>
			<dict>
				<key>fileRef</key>
				<string>C832225859EDE8632D59E0BD</string>
				<key>isa</key>
				<string>PBXBuildFile</string>
			</dict>
			<key>C832225859EDE8632D59E0BD</key>
			<dict>
				<key>explicitFileType</key>
				<string>sourcecode.cpp.cpp</string>
				<key>fileEncoding</key>
				<string>4</string>
				<key>isa</key>
				<string>PBXFileReference</string>
				<key>name</key>
				<string>File.cpp</string>
				<key>path</key>
				<string>../../../addons/ofxOMXPlayer/src/File.cpp</string>
				<key>sourceTree</key>
				<string>SOURCE_ROOT</string>
			</dict>
			<key>62824D62266D29C64136B148</key>
			<dict>
				<key>fileRef</key>
				<string>AEA4426408D40C87CAC6B18B</string>
				<key>isa</key>
				<string>PBXBuildFile</string>
			</dict>
			<key>AEA4426408D40C87CAC6B18B</key>
			<dict>
				<key>explicitFileType</key>
				<string>sourcecode.cpp.cpp</string>
				<key>fileEncoding</key>
				<string>4</string>
				<key>isa</key>
				<string>PBXFileReference</string>
				<key>name</key>
				<string>KeyConfig.cpp</string>
				<key>path</key>
				<string>../../../addons/ofxOMXPlayer/src/KeyConfig.cpp</string>
				<key>sourceTree</key>
				<string>SOURCE_ROOT</string>
			</dict>
			<key>A4E72F1DB030E1F72FB06AC3</key>
			<dict>
				<key>fileRef</key>
				<string>E5ACED55E66954D3D9D50E9B</string>
				<key>isa</key>
				<string>PBXBuildFile</string>
			</dict>
			<key>E5ACED55E66954D3D9D50E9B</key>
			<dict>
				<key>explicitFileType</key>
				<string>sourcecode.cpp.cpp</string>
				<key>fileEncoding</key>
				<string>4</string>
				<key>isa</key>
				<string>PBXFileReference</string>
				<key>name</key>
				<string>OMXAudio.cpp</string>
				<key>path</key>
				<string>../../../addons/ofxOMXPlayer/src/OMXAudio.cpp</string>
				<key>sourceTree</key>
				<string>SOURCE_ROOT</string>
			</dict>
			<key>A9FD7023EC9F376C9F522215</key>
			<dict>
				<key>explicitFileType</key>
				<string>sourcecode.c.h</string>
				<key>fileEncoding</key>
				<string>4</string>
				<key>isa</key>
				<string>PBXFileReference</string>
				<key>name</key>
				<string>ofRPIVideoPlayer.h</string>
				<key>path</key>
				<string>../../../addons/ofxOMXPlayer/src/ofRPIVideoPlayer.h</string>
				<key>sourceTree</key>
				<string>SOURCE_ROOT</string>
			</dict>
			<key>A1126431A7E64490FE135EA3</key>
			<dict>
				<key>fileRef</key>
				<string>694882F46F9683F7871AC317</string>
				<key>isa</key>
				<string>PBXBuildFile</string>
			</dict>
			<key>694882F46F9683F7871AC317</key>
			<dict>
				<key>explicitFileType</key>
				<string>sourcecode.cpp.cpp</string>
				<key>fileEncoding</key>
				<string>4</string>
				<key>isa</key>
				<string>PBXFileReference</string>
				<key>name</key>
				<string>OMXClock.cpp</string>
				<key>path</key>
				<string>../../../addons/ofxOMXPlayer/src/OMXClock.cpp</string>
				<key>sourceTree</key>
				<string>SOURCE_ROOT</string>
			</dict>
			<key>CDC3A753CBCC0944D95BE604</key>
			<dict>
				<key>fileRef</key>
				<string>4415FBD773D5A239D385DF18</string>
				<key>isa</key>
				<string>PBXBuildFile</string>
			</dict>
			<key>4415FBD773D5A239D385DF18</key>
			<dict>
				<key>explicitFileType</key>
				<string>sourcecode.cpp.cpp</string>
				<key>fileEncoding</key>
				<string>4</string>
				<key>isa</key>
				<string>PBXFileReference</string>
				<key>name</key>
				<string>OMXPlayerAudio.cpp</string>
				<key>path</key>
				<string>../../../addons/ofxOMXPlayer/src/OMXPlayerAudio.cpp</string>
				<key>sourceTree</key>
				<string>SOURCE_ROOT</string>
			</dict>
			<key>5B6A42D0489514BD68EA26CD</key>
			<dict>
				<key>fileRef</key>
				<string>306CE833BAE3C38005EBC2FB</string>
				<key>isa</key>
				<string>PBXBuildFile</string>
			</dict>
			<key>306CE833BAE3C38005EBC2FB</key>
			<dict>
				<key>explicitFileType</key>
				<string>sourcecode.cpp.cpp</string>
				<key>fileEncoding</key>
				<string>4</string>
				<key>isa</key>
				<string>PBXFileReference</string>
				<key>name</key>
				<string>OMXReader.cpp</string>
				<key>path</key>
				<string>../../../addons/ofxOMXPlayer/src/OMXReader.cpp</string>
				<key>sourceTree</key>
				<string>SOURCE_ROOT</string>
			</dict>
			<key>F0F7B95B7F8ABBD65B2A88B5</key>
			<dict>
				<key>explicitFileType</key>
				<string>sourcecode.c.h</string>
				<key>fileEncoding</key>
				<string>4</string>
				<key>isa</key>
				<string>PBXFileReference</string>
				<key>name</key>
				<string>stdio_utf8.h</string>
				<key>path</key>
				<string>../../../addons/ofxOMXPlayer/src/stdio_utf8.h</string>
				<key>sourceTree</key>
				<string>SOURCE_ROOT</string>
			</dict>
			<key>546F86BABE1428D1B8F798FC</key>
			<dict>
				<key>explicitFileType</key>
				<string>sourcecode.c.h</string>
				<key>fileEncoding</key>
				<string>4</string>
				<key>isa</key>
				<string>PBXFileReference</string>
				<key>name</key>
				<string>OMXAudio.h</string>
				<key>path</key>
				<string>../../../addons/ofxOMXPlayer/src/OMXAudio.h</string>
				<key>sourceTree</key>
				<string>SOURCE_ROOT</string>
			</dict>
			<key>B0D5DE4B314DA88714E7D1F2</key>
			<dict>
				<key>explicitFileType</key>
				<string>sourcecode.c.h</string>
				<key>fileEncoding</key>
				<string>4</string>
				<key>isa</key>
				<string>PBXFileReference</string>
				<key>name</key>
				<string>BitstreamConverter.h</string>
				<key>path</key>
				<string>../../../addons/ofxOMXPlayer/src/BitstreamConverter.h</string>
				<key>sourceTree</key>
				<string>SOURCE_ROOT</string>
			</dict>
			<key>CFC3D20CD25594D04272E5D9</key>
			<dict>
				<key>fileRef</key>
				<string>BE4FCD12BFD7C25C4F7AC529</string>
				<key>isa</key>
				<string>PBXBuildFile</string>
			</dict>
			<key>BE4FCD12BFD7C25C4F7AC529</key>
			<dict>
				<key>explicitFileType</key>
				<string>sourcecode.cpp.cpp</string>
				<key>fileEncoding</key>
				<string>4</string>
				<key>isa</key>
				<string>PBXFileReference</string>
				<key>name</key>
				<string>OMXPlayerVideo.cpp</string>
				<key>path</key>
				<string>../../../addons/ofxOMXPlayer/src/OMXPlayerVideo.cpp</string>
				<key>sourceTree</key>
				<string>SOURCE_ROOT</string>
			</dict>
			<key>9CFED56F09CB013FF7B03FB2</key>
			<dict>
				<key>explicitFileType</key>
				<string>sourcecode.c.h</string>
				<key>fileEncoding</key>
				<string>4</string>
				<key>isa</key>
				<string>PBXFileReference</string>
				<key>name</key>
				<string>MathUtils.h</string>
				<key>path</key>
				<string>../../../addons/ofxOMXPlayer/src/utils/MathUtils.h</string>
				<key>sourceTree</key>
				<string>SOURCE_ROOT</string>
			</dict>
			<key>EA32A8AFEC493E4DD020BA40</key>
			<dict>
				<key>explicitFileType</key>
				<string>sourcecode.c.h</string>
				<key>fileEncoding</key>
				<string>4</string>
				<key>isa</key>
				<string>PBXFileReference</string>
				<key>name</key>
				<string>Enforce.h</string>
				<key>path</key>
				<string>../../../addons/ofxOMXPlayer/src/utils/Enforce.h</string>
				<key>sourceTree</key>
				<string>SOURCE_ROOT</string>
			</dict>
			<key>B54240C162A11644D2F55C69</key>
			<dict>
				<key>explicitFileType</key>
				<string>sourcecode.c.h</string>
				<key>fileEncoding</key>
				<string>4</string>
				<key>isa</key>
				<string>PBXFileReference</string>
				<key>name</key>
				<string>RegExp.h</string>
				<key>path</key>
				<string>../../../addons/ofxOMXPlayer/src/utils/RegExp.h</string>
				<key>sourceTree</key>
				<string>SOURCE_ROOT</string>
			</dict>
			<key>B14E8819585BDB8B95BAEF59</key>
			<dict>
				<key>explicitFileType</key>
				<string>sourcecode.c.h</string>
				<key>fileEncoding</key>
				<string>4</string>
				<key>isa</key>
				<string>PBXFileReference</string>
				<key>name</key>
				<string>Strprintf.h</string>
				<key>path</key>
				<string>../../../addons/ofxOMXPlayer/src/utils/Strprintf.h</string>
				<key>sourceTree</key>
				<string>SOURCE_ROOT</string>
			</dict>
			<key>440DB7E180C280A740CAEEEB</key>
			<dict>
				<key>explicitFileType</key>
				<string>sourcecode.c.h</string>
				<key>fileEncoding</key>
				<string>4</string>
				<key>isa</key>
				<string>PBXFileReference</string>
				<key>name</key>
				<string>StdString.h</string>
				<key>path</key>
				<string>../../../addons/ofxOMXPlayer/src/utils/StdString.h</string>
				<key>sourceTree</key>
				<string>SOURCE_ROOT</string>
			</dict>
			<key>F25F5562210D36F3195E9BC8</key>
			<dict>
				<key>fileRef</key>
				<string>E0340C3B946C5CA04EFC59CC</string>
				<key>isa</key>
				<string>PBXBuildFile</string>
			</dict>
			<key>E0340C3B946C5CA04EFC59CC</key>
			<dict>
				<key>explicitFileType</key>
				<string>sourcecode.cpp.cpp</string>
				<key>fileEncoding</key>
				<string>4</string>
				<key>isa</key>
				<string>PBXFileReference</string>
				<key>name</key>
				<string>PCMRemap.cpp</string>
				<key>path</key>
				<string>../../../addons/ofxOMXPlayer/src/utils/PCMRemap.cpp</string>
				<key>sourceTree</key>
				<string>SOURCE_ROOT</string>
			</dict>
			<key>D277E0C3F0D2F1DE5AA7BE5E</key>
			<dict>
				<key>explicitFileType</key>
				<string>sourcecode.c.h</string>
				<key>fileEncoding</key>
				<string>4</string>
				<key>isa</key>
				<string>PBXFileReference</string>
				<key>name</key>
				<string>ScopeExit.h</string>
				<key>path</key>
				<string>../../../addons/ofxOMXPlayer/src/utils/ScopeExit.h</string>
				<key>sourceTree</key>
				<string>SOURCE_ROOT</string>
			</dict>
			<key>E1F22B25F38096491FFDDD0D</key>
			<dict>
				<key>explicitFileType</key>
				<string>sourcecode.c.h</string>
				<key>fileEncoding</key>
				<string>4</string>
				<key>isa</key>
				<string>PBXFileReference</string>
				<key>name</key>
				<string>log.h</string>
				<key>path</key>
				<string>../../../addons/ofxOMXPlayer/src/utils/log.h</string>
				<key>sourceTree</key>
				<string>SOURCE_ROOT</string>
			</dict>
			<key>A72A53FE91989C30204CD9BC</key>
			<dict>
				<key>explicitFileType</key>
				<string>sourcecode.c.h</string>
				<key>fileEncoding</key>
				<string>4</string>
				<key>isa</key>
				<string>PBXFileReference</string>
				<key>name</key>
				<string>variant.hpp</string>
				<key>path</key>
				<string>../../../addons/ofxOMXPlayer/src/utils/variant.hpp</string>
				<key>sourceTree</key>
				<string>SOURCE_ROOT</string>
			</dict>
			<key>5ADD81D770CFA3166DA165D5</key>
			<dict>
				<key>explicitFileType</key>
				<string>sourcecode.c.h</string>
				<key>fileEncoding</key>
				<string>4</string>
				<key>isa</key>
				<string>PBXFileReference</string>
				<key>name</key>
				<string>Mailbox.h</string>
				<key>path</key>
				<string>../../../addons/ofxOMXPlayer/src/utils/Mailbox.h</string>
				<key>sourceTree</key>
				<string>SOURCE_ROOT</string>
			</dict>
			<key>D37681DC3170F1100C095DE6</key>
			<dict>
				<key>explicitFileType</key>
				<string>sourcecode.c.h</string>
				<key>fileEncoding</key>
				<string>4</string>
				<key>isa</key>
				<string>PBXFileReference</string>
				<key>name</key>
				<string>traits.hpp</string>
				<key>path</key>
				<string>../../../addons/ofxOMXPlayer/src/utils/traits.hpp</string>
				<key>sourceTree</key>
				<string>SOURCE_ROOT</string>
			</dict>
			<key>EE6B6A9BF906284EF8C44E9A</key>
			<dict>
				<key>explicitFileType</key>
				<string>sourcecode.c.h</string>
				<key>fileEncoding</key>
				<string>4</string>
				<key>isa</key>
				<string>PBXFileReference</string>
				<key>name</key>
				<string>SingleLock.h</string>
				<key>path</key>
				<string>../../../addons/ofxOMXPlayer/src/utils/SingleLock.h</string>
				<key>sourceTree</key>
				<string>SOURCE_ROOT</string>
			</dict>
			<key>183DE3F8AFE39242BCDD2403</key>
			<dict>
				<key>fileRef</key>
				<string>E27F2F4AC85AF134C8C59253</string>
				<key>isa</key>
				<string>PBXBuildFile</string>
			</dict>
			<key>E27F2F4AC85AF134C8C59253</key>
			<dict>
				<key>explicitFileType</key>
				<string>sourcecode.cpp.cpp</string>
				<key>fileEncoding</key>
				<string>4</string>
				<key>isa</key>
				<string>PBXFileReference</string>
				<key>name</key>
				<string>RegExp.cpp</string>
				<key>path</key>
				<string>../../../addons/ofxOMXPlayer/src/utils/RegExp.cpp</string>
				<key>sourceTree</key>
				<string>SOURCE_ROOT</string>
			</dict>
			<key>E269D815BC234FD250BFB891</key>
			<dict>
				<key>explicitFileType</key>
				<string>sourcecode.c.h</string>
				<key>fileEncoding</key>
				<string>4</string>
				<key>isa</key>
				<string>PBXFileReference</string>
				<key>name</key>
				<string>FunctorVisitor.h</string>
				<key>path</key>
				<string>../../../addons/ofxOMXPlayer/src/utils/FunctorVisitor.h</string>
				<key>sourceTree</key>
				<string>SOURCE_ROOT</string>
			</dict>
			<key>EAF08809D3BEED04B9A512A1</key>
			<dict>
				<key>explicitFileType</key>
				<string>sourcecode.c.h</string>
				<key>fileEncoding</key>
				<string>4</string>
				<key>isa</key>
				<string>PBXFileReference</string>
				<key>name</key>
				<string>Clamp.h</string>
				<key>path</key>
				<string>../../../addons/ofxOMXPlayer/src/utils/Clamp.h</string>
				<key>sourceTree</key>
				<string>SOURCE_ROOT</string>
			</dict>
			<key>D23370B89A2A321F88814683</key>
			<dict>
				<key>fileRef</key>
				<string>8615C44457D19AD7D69C0930</string>
				<key>isa</key>
				<string>PBXBuildFile</string>
			</dict>
			<key>8615C44457D19AD7D69C0930</key>
			<dict>
				<key>explicitFileType</key>
				<string>sourcecode.cpp.cpp</string>
				<key>fileEncoding</key>
				<string>4</string>
				<key>isa</key>
				<string>PBXFileReference</string>
				<key>name</key>
				<string>log.cpp</string>
				<key>path</key>
				<string>../../../addons/ofxOMXPlayer/src/utils/log.cpp</string>
				<key>sourceTree</key>
				<string>SOURCE_ROOT</string>
			</dict>
			<key>7760306AC639826E8E64A228</key>
			<dict>
				<key>explicitFileType</key>
				<string>sourcecode.c.h</string>
				<key>fileEncoding</key>
				<string>4</string>
				<key>isa</key>
				<string>PBXFileReference</string>
				<key>name</key>
				<string>PCMRemap.h</string>
				<key>path</key>
				<string>../../../addons/ofxOMXPlayer/src/utils/PCMRemap.h</string>
				<key>sourceTree</key>
				<string>SOURCE_ROOT</string>
			</dict>
			<key>F7B29CFB542554C7BE415C9E</key>
			<dict>
				<key>explicitFileType</key>
				<string>sourcecode.c.h</string>
				<key>fileEncoding</key>
				<string>4</string>
				<key>isa</key>
				<string>PBXFileReference</string>
				<key>name</key>
				<string>LockBlock.h</string>
				<key>path</key>
				<string>../../../addons/ofxOMXPlayer/src/utils/LockBlock.h</string>
				<key>sourceTree</key>
				<string>SOURCE_ROOT</string>
			</dict>
			<key>8FA044A451A1660B65703B6F</key>
			<dict>
				<key>children</key>
				<array>
					<string>21A5825451782F104631F10F</string>
					<string>F7B29CFB542554C7BE415C9E</string>
					<string>7760306AC639826E8E64A228</string>
					<string>8615C44457D19AD7D69C0930</string>
					<string>EAF08809D3BEED04B9A512A1</string>
					<string>E269D815BC234FD250BFB891</string>
					<string>E27F2F4AC85AF134C8C59253</string>
					<string>EE6B6A9BF906284EF8C44E9A</string>
					<string>D37681DC3170F1100C095DE6</string>
					<string>5ADD81D770CFA3166DA165D5</string>
					<string>A72A53FE91989C30204CD9BC</string>
					<string>E1F22B25F38096491FFDDD0D</string>
					<string>D277E0C3F0D2F1DE5AA7BE5E</string>
					<string>E0340C3B946C5CA04EFC59CC</string>
					<string>440DB7E180C280A740CAEEEB</string>
					<string>B14E8819585BDB8B95BAEF59</string>
					<string>B54240C162A11644D2F55C69</string>
					<string>EA32A8AFEC493E4DD020BA40</string>
					<string>9CFED56F09CB013FF7B03FB2</string>
				</array>
				<key>isa</key>
				<string>PBXGroup</string>
				<key>name</key>
				<string>utils</string>
				<key>sourceTree</key>
				<string>&lt;group&gt;</string>
			</dict>
			<key>21A5825451782F104631F10F</key>
			<dict>
				<key>explicitFileType</key>
				<string>sourcecode.c.h</string>
				<key>fileEncoding</key>
				<string>4</string>
				<key>isa</key>
				<string>PBXFileReference</string>
				<key>name</key>
				<string>variant-impl.hpp</string>
				<key>path</key>
				<string>../../../addons/ofxOMXPlayer/src/utils/variant-impl.hpp</string>
				<key>sourceTree</key>
				<string>SOURCE_ROOT</string>
			</dict>
			<key>D0AD733AA34C9F5A660CC1F0</key>
			<dict>
				<key>explicitFileType</key>
				<string>sourcecode.c.h</string>
				<key>fileEncoding</key>
				<string>4</string>
				<key>isa</key>
				<string>PBXFileReference</string>
				<key>name</key>
				<string>ofxOMXPlayerEngine.h</string>
				<key>path</key>
				<string>../../../addons/ofxOMXPlayer/src/ofxOMXPlayerEngine.h</string>
				<key>sourceTree</key>
				<string>SOURCE_ROOT</string>
			</dict>
			<key>48074BA699CDC00A1A8328CB</key>
			<dict>
				<key>fileRef</key>
				<string>9B45D411D50ADB17413D337D</string>
				<key>isa</key>
				<string>PBXBuildFile</string>
			</dict>
			<key>9B45D411D50ADB17413D337D</key>
			<dict>
				<key>explicitFileType</key>
				<string>sourcecode.cpp.cpp</string>
				<key>fileEncoding</key>
				<string>4</string>
				<key>isa</key>
				<string>PBXFileReference</string>
				<key>name</key>
				<string>DynamicDll.cpp</string>
				<key>path</key>
				<string>../../../addons/ofxOMXPlayer/src/DynamicDll.cpp</string>
				<key>sourceTree</key>
				<string>SOURCE_ROOT</string>
			</dict>
			<key>BDD62F9700CE54B4C4304284</key>
			<dict>
				<key>fileRef</key>
				<string>57B1671B7420C72BD9C851F0</string>
				<key>isa</key>
				<string>PBXBuildFile</string>
			</dict>
			<key>57B1671B7420C72BD9C851F0</key>
			<dict>
				<key>explicitFileType</key>
				<string>sourcecode.cpp.cpp</string>
				<key>fileEncoding</key>
				<string>4</string>
				<key>isa</key>
				<string>PBXFileReference</string>
				<key>name</key>
				<string>OMXStreamInfo.cpp</string>
				<key>path</key>
				<string>../../../addons/ofxOMXPlayer/src/OMXStreamInfo.cpp</string>
				<key>sourceTree</key>
				<string>SOURCE_ROOT</string>
			</dict>
			<key>ECB9197CCD4EC5C6469A75C6</key>
			<dict>
				<key>explicitFileType</key>
				<string>sourcecode.c.h</string>
				<key>fileEncoding</key>
				<string>4</string>
				<key>isa</key>
				<string>PBXFileReference</string>
				<key>name</key>
				<string>ofxOMXPlayer.h</string>
				<key>path</key>
				<string>../../../addons/ofxOMXPlayer/src/ofxOMXPlayer.h</string>
				<key>sourceTree</key>
				<string>SOURCE_ROOT</string>
			</dict>
			<key>B66B35CB95C8FFCF07823810</key>
			<dict>
				<key>explicitFileType</key>
				<string>sourcecode.c.h</string>
				<key>fileEncoding</key>
				<string>4</string>
				<key>isa</key>
				<string>PBXFileReference</string>
				<key>name</key>
				<string>File.h</string>
				<key>path</key>
				<string>../../../addons/ofxOMXPlayer/src/File.h</string>
				<key>sourceTree</key>
				<string>SOURCE_ROOT</string>
			</dict>
			<key>9540F605F1874C936FBD621C</key>
			<dict>
				<key>explicitFileType</key>
				<string>sourcecode.c.h</string>
				<key>fileEncoding</key>
				<string>4</string>
				<key>isa</key>
				<string>PBXFileReference</string>
				<key>name</key>
				<string>DllAvCodec.h</string>
				<key>path</key>
				<string>../../../addons/ofxOMXPlayer/src/DllAvCodec.h</string>
				<key>sourceTree</key>
				<string>SOURCE_ROOT</string>
			</dict>
			<key>8B8B62C6CB120ABAEBAB16C0</key>
			<dict>
				<key>fileRef</key>
				<string>0F8756BB8B5EBED5507AD9C3</string>
				<key>isa</key>
				<string>PBXBuildFile</string>
			</dict>
			<key>0F8756BB8B5EBED5507AD9C3</key>
			<dict>
				<key>explicitFileType</key>
				<string>sourcecode.cpp.cpp</string>
				<key>fileEncoding</key>
				<string>4</string>
				<key>isa</key>
				<string>PBXFileReference</string>
				<key>name</key>
				<string>OMXAudioCodecOMX.cpp</string>
				<key>path</key>
				<string>../../../addons/ofxOMXPlayer/src/OMXAudioCodecOMX.cpp</string>
				<key>sourceTree</key>
				<string>SOURCE_ROOT</string>
			</dict>
			<key>DC694F7353CE5C00C5AF77A5</key>
			<dict>
				<key>explicitFileType</key>
				<string>sourcecode.c.h</string>
				<key>fileEncoding</key>
				<string>4</string>
				<key>isa</key>
				<string>PBXFileReference</string>
				<key>name</key>
				<string>OMXThread.h</string>
				<key>path</key>
				<string>../../../addons/ofxOMXPlayer/src/OMXThread.h</string>
				<key>sourceTree</key>
				<string>SOURCE_ROOT</string>
			</dict>
			<key>5FB073D8BBAFA2C1788AC75C</key>
			<dict>
				<key>explicitFileType</key>
				<string>sourcecode.c.h</string>
				<key>fileEncoding</key>
				<string>4</string>
				<key>isa</key>
				<string>PBXFileReference</string>
				<key>name</key>
				<string>DllSwResample.h</string>
				<key>path</key>
				<string>../../../addons/ofxOMXPlayer/src/DllSwResample.h</string>
				<key>sourceTree</key>
				<string>SOURCE_ROOT</string>
			</dict>
			<key>AB7384CB1BB6180E23F35E03</key>
			<dict>
				<key>children</key>
				<array>
					<string>3BD90900ED94877FC8FB5153</string>
				</array>
				<key>isa</key>
				<string>PBXGroup</string>
				<key>name</key>
				<string>guilib</string>
				<key>sourceTree</key>
				<string>&lt;group&gt;</string>
			</dict>
			<key>3BD90900ED94877FC8FB5153</key>
			<dict>
				<key>explicitFileType</key>
				<string>sourcecode.c.h</string>
				<key>fileEncoding</key>
				<string>4</string>
				<key>isa</key>
				<string>PBXFileReference</string>
				<key>name</key>
				<string>Geometry.h</string>
				<key>path</key>
				<string>../../../addons/ofxOMXPlayer/src/guilib/Geometry.h</string>
				<key>sourceTree</key>
				<string>SOURCE_ROOT</string>
			</dict>
			<key>56E663A7FC3B60D891838EF0</key>
			<dict>
				<key>fileRef</key>
				<string>C708EA0F860116E285F52C8A</string>
				<key>isa</key>
				<string>PBXBuildFile</string>
			</dict>
			<key>C708EA0F860116E285F52C8A</key>
			<dict>
				<key>explicitFileType</key>
				<string>sourcecode.cpp.cpp</string>
				<key>fileEncoding</key>
				<string>4</string>
				<key>isa</key>
				<string>PBXFileReference</string>
				<key>name</key>
				<string>ofxOMXPlayerEngine.cpp</string>
				<key>path</key>
				<string>../../../addons/ofxOMXPlayer/src/ofxOMXPlayerEngine.cpp</string>
				<key>sourceTree</key>
				<string>SOURCE_ROOT</string>
			</dict>
			<key>2AAD6B471CE9A9BB28DEC9FD</key>
			<dict>
				<key>explicitFileType</key>
				<string>sourcecode.c.h</string>
				<key>fileEncoding</key>
				<string>4</string>
				<key>isa</key>
				<string>PBXFileReference</string>
				<key>name</key>
				<string>OMXPlayerVideo.h</string>
				<key>path</key>
				<string>../../../addons/ofxOMXPlayer/src/OMXPlayerVideo.h</string>
				<key>sourceTree</key>
				<string>SOURCE_ROOT</string>
			</dict>
			<key>F0D149B8970D5B3707AF2DDB</key>
			<dict>
				<key>explicitFileType</key>
				<string>sourcecode.c.h</string>
				<key>fileEncoding</key>
				<string>4</string>
				<key>isa</key>
				<string>PBXFileReference</string>
				<key>name</key>
				<string>DllAvFormat.h</string>
				<key>path</key>
				<string>../../../addons/ofxOMXPlayer/src/DllAvFormat.h</string>
				<key>sourceTree</key>
				<string>SOURCE_ROOT</string>
			</dict>
			<key>474703065985992E8C4BED06</key>
			<dict>
				<key>fileRef</key>
				<string>6BEE10D509F3CC4CF28E9675</string>
				<key>isa</key>
				<string>PBXBuildFile</string>
			</dict>
			<key>6BEE10D509F3CC4CF28E9675</key>
			<dict>
				<key>explicitFileType</key>
				<string>sourcecode.cpp.cpp</string>
				<key>fileEncoding</key>
				<string>4</string>
				<key>isa</key>
				<string>PBXFileReference</string>
				<key>name</key>
				<string>ofxOMXPlayer.cpp</string>
				<key>path</key>
				<string>../../../addons/ofxOMXPlayer/src/ofxOMXPlayer.cpp</string>
				<key>sourceTree</key>
				<string>SOURCE_ROOT</string>
			</dict>
			<key>34C0D3905B71BF11AF0CF34F</key>
			<dict>
				<key>explicitFileType</key>
				<string>sourcecode.c.h</string>
				<key>fileEncoding</key>
				<string>4</string>
				<key>isa</key>
				<string>PBXFileReference</string>
				<key>name</key>
				<string>OMXStreamInfo.h</string>
				<key>path</key>
				<string>../../../addons/ofxOMXPlayer/src/OMXStreamInfo.h</string>
				<key>sourceTree</key>
				<string>SOURCE_ROOT</string>
			</dict>
			<key>5177FAE0EEB5FB5009AF7F3C</key>
			<dict>
				<key>fileRef</key>
				<string>9768283D7B18DBAD96F45715</string>
				<key>isa</key>
				<string>PBXBuildFile</string>
			</dict>
			<key>9768283D7B18DBAD96F45715</key>
			<dict>
				<key>explicitFileType</key>
				<string>sourcecode.cpp.cpp</string>
				<key>fileEncoding</key>
				<string>4</string>
				<key>isa</key>
				<string>PBXFileReference</string>
				<key>name</key>
				<string>ofRPIVideoPlayer.cpp</string>
				<key>path</key>
				<string>../../../addons/ofxOMXPlayer/src/ofRPIVideoPlayer.cpp</string>
				<key>sourceTree</key>
				<string>SOURCE_ROOT</string>
			</dict>
			<key>7C7F9C3F55CA7E3A53C4B444</key>
			<dict>
				<key>children</key>
				<array>
					<string>889A2D3C21E4E6B5CCBFAC60</string>
					<string>9768283D7B18DBAD96F45715</string>
					<string>34C0D3905B71BF11AF0CF34F</string>
					<string>6BEE10D509F3CC4CF28E9675</string>
					<string>F0D149B8970D5B3707AF2DDB</string>
					<string>2AAD6B471CE9A9BB28DEC9FD</string>
					<string>C708EA0F860116E285F52C8A</string>
					<string>AB7384CB1BB6180E23F35E03</string>
					<string>5FB073D8BBAFA2C1788AC75C</string>
					<string>DC694F7353CE5C00C5AF77A5</string>
					<string>0F8756BB8B5EBED5507AD9C3</string>
					<string>9540F605F1874C936FBD621C</string>
					<string>B66B35CB95C8FFCF07823810</string>
					<string>ECB9197CCD4EC5C6469A75C6</string>
					<string>57B1671B7420C72BD9C851F0</string>
					<string>9B45D411D50ADB17413D337D</string>
					<string>D0AD733AA34C9F5A660CC1F0</string>
					<string>8FA044A451A1660B65703B6F</string>
					<string>BE4FCD12BFD7C25C4F7AC529</string>
					<string>B0D5DE4B314DA88714E7D1F2</string>
					<string>546F86BABE1428D1B8F798FC</string>
					<string>F0F7B95B7F8ABBD65B2A88B5</string>
					<string>306CE833BAE3C38005EBC2FB</string>
					<string>4415FBD773D5A239D385DF18</string>
					<string>694882F46F9683F7871AC317</string>
					<string>A9FD7023EC9F376C9F522215</string>
					<string>E5ACED55E66954D3D9D50E9B</string>
					<string>AEA4426408D40C87CAC6B18B</string>
					<string>C832225859EDE8632D59E0BD</string>
					<string>2EA06D1472D64496E5189A65</string>
					<string>34EE09248A3515E1671E11E4</string>
					<string>37D1741933D7408940CE166E</string>
					<string>25CD83CEB38F1E18A865FC5E</string>
					<string>B1D9A436AA2230A85E238493</string>
					<string>706F60D1EE0DBF631F39B2A1</string>
					<string>D37A3659FDC10CD236D596B1</string>
					<string>3FBE5C3E4FFDD184FB17A583</string>
					<string>EDFDAA980F71E84321437C63</string>
					<string>A8BD1032B6567431FD96CEF7</string>
					<string>92F1AC2F267FC84EDA403843</string>
					<string>E9BFBF158BAF5F0B1B3C7210</string>
					<string>7B5F4E9687AEC871A7330A09</string>
					<string>233C6FEFF7B161AAB793588A</string>
					<string>5A97CD03C70CCB84CCBA2969</string>
					<string>82284211DB90E88996F9D752</string>
					<string>5E9B255DCB4E095C0740D5E7</string>
					<string>E43C1796B7F223A737FD61FE</string>
					<string>ED74456BF4B8A0638D34BE7A</string>
					<string>0B14C8F09D87E2C7741495C5</string>
				</array>
				<key>isa</key>
				<string>PBXGroup</string>
				<key>name</key>
				<string>src</string>
				<key>sourceTree</key>
				<string>&lt;group&gt;</string>
			</dict>
			<key>451468E3D80A5EDBEB05D344</key>
			<dict>
				<key>children</key>
				<array>
					<string>7C7F9C3F55CA7E3A53C4B444</string>
				</array>
				<key>isa</key>
				<string>PBXGroup</string>
				<key>name</key>
				<string>ofxOMXPlayer</string>
				<key>sourceTree</key>
				<string>&lt;group&gt;</string>
			</dict>
			<key>889A2D3C21E4E6B5CCBFAC60</key>
			<dict>
				<key>explicitFileType</key>
				<string>sourcecode.c.h</string>
				<key>fileEncoding</key>
				<string>4</string>
				<key>isa</key>
				<string>PBXFileReference</string>
				<key>name</key>
				<string>OMXCore.h</string>
				<key>path</key>
				<string>../../../addons/ofxOMXPlayer/src/OMXCore.h</string>
				<key>sourceTree</key>
				<string>SOURCE_ROOT</string>
			</dict>
			<key>B2E09F1D6D63473094A38B00</key>
			<dict>
				<key>explicitFileType</key>
				<string>sourcecode.c.h</string>
				<key>fileEncoding</key>
				<string>4</string>
				<key>isa</key>
				<string>PBXFileReference</string>
				<key>name</key>
				<string>json.hpp</string>
				<key>path</key>
				<string>src/json.hpp</string>
				<key>sourceTree</key>
				<string>SOURCE_ROOT</string>
			</dict>
			<key>6948EE371B920CB800B5AC1A</key>
			<dict>
				<key>children</key>
				<array />
				<key>isa</key>
				<string>PBXGroup</string>
				<key>name</key>
				<string>local_addons</string>
				<key>sourceTree</key>
				<string>&lt;group&gt;</string>
			</dict>
			<key>8466F1851C04CA0E00918B1C</key>
			<dict>
				<key>buildActionMask</key>
				<string>12</string>
				<key>files</key>
				<array />
				<key>inputPaths</key>
				<array />
				<key>isa</key>
				<string>PBXShellScriptBuildPhase</string>
				<key>outputPaths</key>
				<array />
				<key>runOnlyForDeploymentPostprocessing</key>
				<string>0</string>
				<key>shellPath</key>
				<string>/bin/sh</string>
				<key>shellScript</key>
				<string>echo "$GCC_PREPROCESSOR_DEFINITIONS";
APPSTORE=`expr "$GCC_PREPROCESSOR_DEFINITIONS" : ".*APPSTORE=\([0-9]*\)"`
if [ -z "$APPSTORE" ] ; then
echo "Note: Not copying bin/data to App Package or doing App Code signing. Use AppStore target for AppStore distribution";
else
# Copy bin/data into App/Resources
rsync -avz --exclude='.DS_Store' "${SRCROOT}/bin/data/" "${TARGET_BUILD_DIR}/${UNLOCALIZED_RESOURCES_FOLDER_PATH}/data/"

# ---- Code Sign App Package ----

# WARNING: You may have to run Clean in Xcode after changing CODE_SIGN_IDENTITY!

# Verify that $CODE_SIGN_IDENTITY is set
if [ -z "${CODE_SIGN_IDENTITY}" ] ; then
echo "CODE_SIGN_IDENTITY needs to be set for framework code-signing"
exit 0
fi

if [ -z "${CODE_SIGN_ENTITLEMENTS}" ] ; then
echo "CODE_SIGN_ENTITLEMENTS needs to be set for framework code-signing!"

if [ "${CONFIGURATION}" = "Release" ] ; then
exit 1
else
# Code-signing is optional for non-release builds.
exit 0
fi
fi

ITEMS=""

FRAMEWORKS_DIR="${TARGET_BUILD_DIR}/${FRAMEWORKS_FOLDER_PATH}"
echo "$FRAMEWORKS_DIR"
if [ -d "$FRAMEWORKS_DIR" ] ; then
FRAMEWORKS=$(find "${FRAMEWORKS_DIR}" -depth -type d -name "*.framework" -or -name "*.dylib" -or -name "*.bundle" | sed -e "s/\(.*framework\)/\1\/Versions\/A\//")
RESULT=$?
if [[ $RESULT != 0 ]] ; then
exit 1
fi

ITEMS="${FRAMEWORKS}"
fi

LOGINITEMS_DIR="${TARGET_BUILD_DIR}/${CONTENTS_FOLDER_PATH}/Library/LoginItems/"
if [ -d "$LOGINITEMS_DIR" ] ; then
LOGINITEMS=$(find "${LOGINITEMS_DIR}" -depth -type d -name "*.app")
RESULT=$?
if [[ $RESULT != 0 ]] ; then
exit 1
fi

ITEMS="${ITEMS}"$'\n'"${LOGINITEMS}"
fi

# Prefer the expanded name, if available.
CODE_SIGN_IDENTITY_FOR_ITEMS="${EXPANDED_CODE_SIGN_IDENTITY_NAME}"
if [ "${CODE_SIGN_IDENTITY_FOR_ITEMS}" = "" ] ; then
# Fall back to old behavior.
CODE_SIGN_IDENTITY_FOR_ITEMS="${CODE_SIGN_IDENTITY}"
fi

echo "Identity:"
echo "${CODE_SIGN_IDENTITY_FOR_ITEMS}"

echo "Entitlements:"
echo "${CODE_SIGN_ENTITLEMENTS}"

echo "Found:"
echo "${ITEMS}"

# Change the Internal Field Separator (IFS) so that spaces in paths will not cause problems below.
SAVED_IFS=$IFS
IFS=$(echo -en "\n\b")

# Loop through all items.
for ITEM in $ITEMS;
do
echo "Signing '${ITEM}'"
codesign --force --verbose --sign "${CODE_SIGN_IDENTITY_FOR_ITEMS}" --entitlements "${CODE_SIGN_ENTITLEMENTS}" "${ITEM}"
RESULT=$?
if [[ $RESULT != 0 ]] ; then
echo "Failed to sign '${ITEM}'."
IFS=$SAVED_IFS
exit 1
fi
done

# Restore $IFS.
IFS=$SAVED_IFS

fi
</string>
			</dict>
			<key>99FA3DBB1C7456C400CFA0EE</key>
			<dict>
				<key>baseConfigurationReference</key>
				<string>E4EB6923138AFD0F00A09F29</string>
				<key>buildSettings</key>
				<dict>
					<key>OTHER_LDFLAGS</key>
					<array>
						<string>$(OF_CORE_FRAMEWORKS) $(OF_CORE_LIBS)</string>
						<string>-lavcodec</string>
						<string>-lavformat</string>
						<string>-lswscale</string>
						<string>-lavutil</string>
						<string>-lswresample</string>
						<string>-lavfilter</string>
						<string>-lm</string>
						<string>-lz</string>
					</array>
					<key>OTHER_CFLAGS</key>
					<array>
						<string>-fPIC</string>
						<string>-U_FORTIFY_SOURCE</string>
						<string>-Wall</string>
						<string>-ftree-vectorize</string>
						<string>-ftree-vectorize</string>
						<string>-Wno-deprecated-declarations</string>
						<string>-Wno-sign-compare</string>
						<string>-Wno-unknown-pragmas</string>
						<string>-Wno-unused-function</string>
						<string>-Wno-unused-but-set-variable</string>
					</array>
					<key>HEADER_SEARCH_PATHS</key>
					<array>
						<string>$(OF_CORE_HEADERS)</string>
						<string>src</string>
						<string>../../../addons/ofxOMXPlayer/src</string>
						<string>../../../addons/ofxOsc/libs</string>
						<string>../../../addons/ofxOsc/libs/oscpack</string>
						<string>../../../addons/ofxOsc/libs/oscpack/src</string>
						<string>../../../addons/ofxOsc/libs/oscpack/src/ip</string>
						<string>../../../addons/ofxOsc/libs/oscpack/src/ip/posix</string>
						<string>../../../addons/ofxOsc/libs/oscpack/src/ip/win32</string>
						<string>../../../addons/ofxOsc/libs/oscpack/src/osc</string>
						<string>../../../addons/ofxOsc/src</string>
					</array>
					<key>CONFIGURATION_BUILD_DIR</key>
					<string>$(SRCROOT)/bin/</string>
					<key>COPY_PHASE_STRIP</key>
					<string>YES</string>
					<key>DEAD_CODE_STRIPPING</key>
					<string>YES</string>
					<key>GCC_AUTO_VECTORIZATION</key>
					<string>YES</string>
					<key>GCC_ENABLE_SSE3_EXTENSIONS</key>
					<string>YES</string>
					<key>GCC_ENABLE_SUPPLEMENTAL_SSE3_INSTRUCTIONS</key>
					<string>YES</string>
					<key>GCC_INLINES_ARE_PRIVATE_EXTERN</key>
					<string>NO</string>
					<key>GCC_OPTIMIZATION_LEVEL</key>
					<string>3</string>
					<key>GCC_PREPROCESSOR_DEFINITIONS[arch=*]</key>
					<string>DISTRIBUTION=1</string>
					<key>GCC_SYMBOLS_PRIVATE_EXTERN</key>
					<string>NO</string>
					<key>GCC_UNROLL_LOOPS</key>
					<string>YES</string>
					<key>GCC_WARN_ABOUT_DEPRECATED_FUNCTIONS</key>
					<string>YES</string>
					<key>GCC_WARN_ABOUT_INVALID_OFFSETOF_MACRO</key>
					<string>NO</string>
					<key>GCC_WARN_ALLOW_INCOMPLETE_PROTOCOL</key>
					<string>NO</string>
					<key>GCC_WARN_UNINITIALIZED_AUTOS</key>
					<string>NO</string>
					<key>GCC_WARN_UNUSED_VALUE</key>
					<string>NO</string>
					<key>GCC_WARN_UNUSED_VARIABLE</key>
					<string>NO</string>
					<key>MACOSX_DEPLOYMENT_TARGET</key>
					<string>10.9</string>
					<key>OTHER_CPLUSPLUSFLAGS</key>
					<array>
						<string>-D__MACOSX_CORE__</string>
						<string>-mtune=native</string>
					</array>
					<key>SDKROOT</key>
					<string>macosx</string>
				</dict>
				<key>isa</key>
				<string>XCBuildConfiguration</string>
				<key>name</key>
				<string>AppStore</string>
			</dict>
			<key>99FA3DBC1C7456C400CFA0EE</key>
			<dict>
				<key>baseConfigurationReference</key>
				<string>E4EB6923138AFD0F00A09F29</string>
				<key>buildSettings</key>
				<dict>
					<key>OTHER_LDFLAGS</key>
					<array>
						<string>$(OF_CORE_FRAMEWORKS) $(OF_CORE_LIBS)</string>
						<string>-lavcodec</string>
						<string>-lavformat</string>
						<string>-lswscale</string>
						<string>-lavutil</string>
						<string>-lswresample</string>
						<string>-lavfilter</string>
						<string>-lm</string>
						<string>-lz</string>
					</array>
					<key>OTHER_CFLAGS</key>
					<array>
						<string>-fPIC</string>
						<string>-U_FORTIFY_SOURCE</string>
						<string>-Wall</string>
						<string>-ftree-vectorize</string>
						<string>-ftree-vectorize</string>
						<string>-Wno-deprecated-declarations</string>
						<string>-Wno-sign-compare</string>
						<string>-Wno-unknown-pragmas</string>
						<string>-Wno-unused-function</string>
						<string>-Wno-unused-but-set-variable</string>
					</array>
					<key>HEADER_SEARCH_PATHS</key>
					<array>
						<string>$(OF_CORE_HEADERS)</string>
						<string>src</string>
						<string>../../../addons/ofxOMXPlayer/src</string>
						<string>../../../addons/ofxOsc/libs</string>
						<string>../../../addons/ofxOsc/libs/oscpack</string>
						<string>../../../addons/ofxOsc/libs/oscpack/src</string>
						<string>../../../addons/ofxOsc/libs/oscpack/src/ip</string>
						<string>../../../addons/ofxOsc/libs/oscpack/src/ip/posix</string>
						<string>../../../addons/ofxOsc/libs/oscpack/src/ip/win32</string>
						<string>../../../addons/ofxOsc/libs/oscpack/src/osc</string>
						<string>../../../addons/ofxOsc/src</string>
					</array>
					<key>COMBINE_HIDPI_IMAGES</key>
					<string>YES</string>
					<key>COPY_PHASE_STRIP</key>
					<string>YES</string>
					<key>FRAMEWORK_SEARCH_PATHS</key>
					<array>
						<string>$(inherited)</string>
					</array>
					<key>GCC_GENERATE_DEBUGGING_SYMBOLS</key>
					<string>YES</string>
					<key>GCC_MODEL_TUNING</key>
					<string>NONE</string>
					<key>GCC_PREPROCESSOR_DEFINITIONS[arch=*]</key>
					<string>APPSTORE=1</string>
					<key>ICON</key>
					<string>$(ICON_NAME_RELEASE)</string>
					<key>ICON_FILE</key>
					<string>$(ICON_FILE_PATH)$(ICON)</string>
					<key>INFOPLIST_FILE</key>
					<string>openFrameworks-Info.plist</string>
					<key>INSTALL_PATH</key>
					<string>/Applications</string>
					<key>LIBRARY_SEARCH_PATHS</key>
					<string>$(inherited)</string>
					<key>PRODUCT_NAME</key>
					<string>$(TARGET_NAME)</string>
					<key>WRAPPER_EXTENSION</key>
					<string>app</string>
					<key>baseConfigurationReference</key>
					<string>E4EB6923138AFD0F00A09F29</string>
				</dict>
				<key>isa</key>
				<string>XCBuildConfiguration</string>
				<key>name</key>
				<string>AppStore</string>
			</dict>
			<key>BB4B014C10F69532006C3DED</key>
			<dict>
				<key>children</key>
				<array>
					<string>451468E3D80A5EDBEB05D344</string>
					<string>E6053AB7FEC63D5F83825B88</string>
				</array>
				<key>isa</key>
				<string>PBXGroup</string>
				<key>name</key>
				<string>addons</string>
				<key>sourceTree</key>
				<string>&lt;group&gt;</string>
			</dict>
			<key>E4328143138ABC890047C5CB</key>
			<dict>
				<key>isa</key>
				<string>PBXFileReference</string>
				<key>lastKnownFileType</key>
				<string>wrapper.pb-project</string>
				<key>name</key>
				<string>openFrameworksLib.xcodeproj</string>
				<key>path</key>
				<string>../../../libs/openFrameworksCompiled/project/osx/openFrameworksLib.xcodeproj</string>
				<key>sourceTree</key>
				<string>SOURCE_ROOT</string>
			</dict>
			<key>E4328144138ABC890047C5CB</key>
			<dict>
				<key>children</key>
				<array>
					<string>E4328148138ABC890047C5CB</string>
				</array>
				<key>isa</key>
				<string>PBXGroup</string>
				<key>name</key>
				<string>Products</string>
				<key>sourceTree</key>
				<string>&lt;group&gt;</string>
			</dict>
			<key>E4328147138ABC890047C5CB</key>
			<dict>
				<key>containerPortal</key>
				<string>E4328143138ABC890047C5CB</string>
				<key>isa</key>
				<string>PBXContainerItemProxy</string>
				<key>proxyType</key>
				<string>2</string>
				<key>remoteGlobalIDString</key>
				<string>E4B27C1510CBEB8E00536013</string>
				<key>remoteInfo</key>
				<string>openFrameworks</string>
			</dict>
			<key>E4328148138ABC890047C5CB</key>
			<dict>
				<key>fileType</key>
				<string>archive.ar</string>
				<key>isa</key>
				<string>PBXReferenceProxy</string>
				<key>path</key>
				<string>openFrameworksDebug.a</string>
				<key>remoteRef</key>
				<string>E4328147138ABC890047C5CB</string>
				<key>sourceTree</key>
				<string>BUILT_PRODUCTS_DIR</string>
			</dict>
			<key>E4328149138ABC9F0047C5CB</key>
			<dict>
				<key>fileRef</key>
				<string>E4328148138ABC890047C5CB</string>
				<key>isa</key>
				<string>PBXBuildFile</string>
			</dict>
			<key>E4B69B4A0A3A1720003C02F2</key>
			<dict>
				<key>children</key>
				<array>
					<string>E4B6FCAD0C3E899E008CF71C</string>
					<string>E4EB6923138AFD0F00A09F29</string>
					<string>E4B69E1C0A3A1BDC003C02F2</string>
					<string>E4EEC9E9138DF44700A80321</string>
					<string>BB4B014C10F69532006C3DED</string>
					<string>6948EE371B920CB800B5AC1A</string>
					<string>E4B69B5B0A3A1756003C02F2</string>
				</array>
				<key>isa</key>
				<string>PBXGroup</string>
				<key>sourceTree</key>
				<string>&lt;group&gt;</string>
			</dict>
			<key>E4B69B4C0A3A1720003C02F2</key>
			<dict>
				<key>attributes</key>
				<dict>
					<key>LastUpgradeCheck</key>
					<string>0600</string>
				</dict>
				<key>buildConfigurationList</key>
				<string>E4B69B4D0A3A1720003C02F2</string>
				<key>compatibilityVersion</key>
				<string>Xcode 3.2</string>
				<key>developmentRegion</key>
				<string>English</string>
				<key>hasScannedForEncodings</key>
				<string>0</string>
				<key>isa</key>
				<string>PBXProject</string>
				<key>knownRegions</key>
				<array>
					<string>English</string>
					<string>Japanese</string>
					<string>French</string>
					<string>German</string>
				</array>
				<key>mainGroup</key>
				<string>E4B69B4A0A3A1720003C02F2</string>
				<key>productRefGroup</key>
				<string>E4B69B4A0A3A1720003C02F2</string>
				<key>projectDirPath</key>
				<string />
				<key>projectReferences</key>
				<array>
					<dict>
						<key>ProductGroup</key>
						<string>E4328144138ABC890047C5CB</string>
						<key>ProjectRef</key>
						<string>E4328143138ABC890047C5CB</string>
					</dict>
				</array>
				<key>projectRoot</key>
				<string />
				<key>targets</key>
				<array>
					<string>E4B69B5A0A3A1756003C02F2</string>
				</array>
			</dict>
			<key>E4B69B4D0A3A1720003C02F2</key>
			<dict>
				<key>buildConfigurations</key>
				<array>
					<string>E4B69B4E0A3A1720003C02F2</string>
					<string>E4B69B4F0A3A1720003C02F2</string>
					<string>99FA3DBB1C7456C400CFA0EE</string>
				</array>
				<key>defaultConfigurationIsVisible</key>
				<string>0</string>
				<key>defaultConfigurationName</key>
				<string>Release</string>
				<key>isa</key>
				<string>XCConfigurationList</string>
			</dict>
			<key>E4B69B4E0A3A1720003C02F2</key>
			<dict>
				<key>baseConfigurationReference</key>
				<string>E4EB6923138AFD0F00A09F29</string>
				<key>buildSettings</key>
				<dict>
					<key>OTHER_LDFLAGS</key>
					<array>
						<string>$(OF_CORE_FRAMEWORKS) $(OF_CORE_LIBS)</string>
						<string>-lavcodec</string>
						<string>-lavformat</string>
						<string>-lswscale</string>
						<string>-lavutil</string>
						<string>-lswresample</string>
						<string>-lavfilter</string>
						<string>-lm</string>
						<string>-lz</string>
					</array>
					<key>OTHER_CFLAGS</key>
					<array>
						<string>-fPIC</string>
						<string>-U_FORTIFY_SOURCE</string>
						<string>-Wall</string>
						<string>-ftree-vectorize</string>
						<string>-ftree-vectorize</string>
						<string>-Wno-deprecated-declarations</string>
						<string>-Wno-sign-compare</string>
						<string>-Wno-unknown-pragmas</string>
						<string>-Wno-unused-function</string>
						<string>-Wno-unused-but-set-variable</string>
					</array>
					<key>HEADER_SEARCH_PATHS</key>
					<array>
						<string>$(OF_CORE_HEADERS)</string>
						<string>src</string>
						<string>../../../addons/ofxOMXPlayer/src</string>
						<string>../../../addons/ofxOsc/libs</string>
						<string>../../../addons/ofxOsc/libs/oscpack</string>
						<string>../../../addons/ofxOsc/libs/oscpack/src</string>
						<string>../../../addons/ofxOsc/libs/oscpack/src/ip</string>
						<string>../../../addons/ofxOsc/libs/oscpack/src/ip/posix</string>
						<string>../../../addons/ofxOsc/libs/oscpack/src/ip/win32</string>
						<string>../../../addons/ofxOsc/libs/oscpack/src/osc</string>
						<string>../../../addons/ofxOsc/src</string>
					</array>
					<key>CONFIGURATION_BUILD_DIR</key>
					<string>$(SRCROOT)/bin/</string>
					<key>COPY_PHASE_STRIP</key>
					<string>NO</string>
					<key>DEAD_CODE_STRIPPING</key>
					<string>YES</string>
					<key>GCC_AUTO_VECTORIZATION</key>
					<string>YES</string>
					<key>GCC_ENABLE_SSE3_EXTENSIONS</key>
					<string>YES</string>
					<key>GCC_ENABLE_SUPPLEMENTAL_SSE3_INSTRUCTIONS</key>
					<string>YES</string>
					<key>GCC_INLINES_ARE_PRIVATE_EXTERN</key>
					<string>NO</string>
					<key>GCC_OPTIMIZATION_LEVEL</key>
					<string>0</string>
					<key>GCC_SYMBOLS_PRIVATE_EXTERN</key>
					<string>NO</string>
					<key>GCC_WARN_ABOUT_DEPRECATED_FUNCTIONS</key>
					<string>YES</string>
					<key>GCC_WARN_ABOUT_INVALID_OFFSETOF_MACRO</key>
					<string>NO</string>
					<key>GCC_WARN_ALLOW_INCOMPLETE_PROTOCOL</key>
					<string>NO</string>
					<key>GCC_WARN_UNINITIALIZED_AUTOS</key>
					<string>NO</string>
					<key>GCC_WARN_UNUSED_VALUE</key>
					<string>NO</string>
					<key>GCC_WARN_UNUSED_VARIABLE</key>
					<string>NO</string>
					<key>MACOSX_DEPLOYMENT_TARGET</key>
					<string>10.9</string>
					<key>ONLY_ACTIVE_ARCH</key>
					<string>YES</string>
					<key>OTHER_CPLUSPLUSFLAGS</key>
					<array>
						<string>-D__MACOSX_CORE__</string>
						<string>-mtune=native</string>
					</array>
					<key>SDKROOT</key>
					<string>macosx</string>
				</dict>
				<key>isa</key>
				<string>XCBuildConfiguration</string>
				<key>name</key>
				<string>Debug</string>
			</dict>
			<key>E4B69B4F0A3A1720003C02F2</key>
			<dict>
				<key>baseConfigurationReference</key>
				<string>E4EB6923138AFD0F00A09F29</string>
				<key>buildSettings</key>
				<dict>
					<key>OTHER_LDFLAGS</key>
					<array>
						<string>$(OF_CORE_FRAMEWORKS) $(OF_CORE_LIBS)</string>
						<string>-lavcodec</string>
						<string>-lavformat</string>
						<string>-lswscale</string>
						<string>-lavutil</string>
						<string>-lswresample</string>
						<string>-lavfilter</string>
						<string>-lm</string>
						<string>-lz</string>
					</array>
					<key>OTHER_CFLAGS</key>
					<array>
						<string>-fPIC</string>
						<string>-U_FORTIFY_SOURCE</string>
						<string>-Wall</string>
						<string>-ftree-vectorize</string>
						<string>-ftree-vectorize</string>
						<string>-Wno-deprecated-declarations</string>
						<string>-Wno-sign-compare</string>
						<string>-Wno-unknown-pragmas</string>
						<string>-Wno-unused-function</string>
						<string>-Wno-unused-but-set-variable</string>
					</array>
					<key>HEADER_SEARCH_PATHS</key>
					<array>
						<string>$(OF_CORE_HEADERS)</string>
						<string>src</string>
						<string>../../../addons/ofxOMXPlayer/src</string>
						<string>../../../addons/ofxOsc/libs</string>
						<string>../../../addons/ofxOsc/libs/oscpack</string>
						<string>../../../addons/ofxOsc/libs/oscpack/src</string>
						<string>../../../addons/ofxOsc/libs/oscpack/src/ip</string>
						<string>../../../addons/ofxOsc/libs/oscpack/src/ip/posix</string>
						<string>../../../addons/ofxOsc/libs/oscpack/src/ip/win32</string>
						<string>../../../addons/ofxOsc/libs/oscpack/src/osc</string>
						<string>../../../addons/ofxOsc/src</string>
					</array>
					<key>CONFIGURATION_BUILD_DIR</key>
					<string>$(SRCROOT)/bin/</string>
					<key>COPY_PHASE_STRIP</key>
					<string>YES</string>
					<key>DEAD_CODE_STRIPPING</key>
					<string>YES</string>
					<key>GCC_AUTO_VECTORIZATION</key>
					<string>YES</string>
					<key>GCC_ENABLE_SSE3_EXTENSIONS</key>
					<string>YES</string>
					<key>GCC_ENABLE_SUPPLEMENTAL_SSE3_INSTRUCTIONS</key>
					<string>YES</string>
					<key>GCC_INLINES_ARE_PRIVATE_EXTERN</key>
					<string>NO</string>
					<key>GCC_OPTIMIZATION_LEVEL</key>
					<string>3</string>
					<key>GCC_SYMBOLS_PRIVATE_EXTERN</key>
					<string>NO</string>
					<key>GCC_UNROLL_LOOPS</key>
					<string>YES</string>
					<key>GCC_WARN_ABOUT_DEPRECATED_FUNCTIONS</key>
					<string>YES</string>
					<key>GCC_WARN_ABOUT_INVALID_OFFSETOF_MACRO</key>
					<string>NO</string>
					<key>GCC_WARN_ALLOW_INCOMPLETE_PROTOCOL</key>
					<string>NO</string>
					<key>GCC_WARN_UNINITIALIZED_AUTOS</key>
					<string>NO</string>
					<key>GCC_WARN_UNUSED_VALUE</key>
					<string>NO</string>
					<key>GCC_WARN_UNUSED_VARIABLE</key>
					<string>NO</string>
					<key>MACOSX_DEPLOYMENT_TARGET</key>
					<string>10.9</string>
					<key>OTHER_CPLUSPLUSFLAGS</key>
					<array>
						<string>-D__MACOSX_CORE__</string>
						<string>-mtune=native</string>
					</array>
					<key>SDKROOT</key>
					<string>macosx</string>
				</dict>
				<key>isa</key>
				<string>XCBuildConfiguration</string>
				<key>name</key>
				<string>Release</string>
			</dict>
			<key>E4B69B580A3A1756003C02F2</key>
			<dict>
				<key>buildActionMask</key>
				<string>2147483647</string>
				<key>files</key>
				<array>
					<string>E4B69E200A3A1BDC003C02F2</string>
					<string>E4B69E210A3A1BDC003C02F2</string>
					<string>5177FAE0EEB5FB5009AF7F3C</string>
					<string>474703065985992E8C4BED06</string>
					<string>56E663A7FC3B60D891838EF0</string>
					<string>8B8B62C6CB120ABAEBAB16C0</string>
					<string>BDD62F9700CE54B4C4304284</string>
					<string>48074BA699CDC00A1A8328CB</string>
					<string>D23370B89A2A321F88814683</string>
					<string>183DE3F8AFE39242BCDD2403</string>
					<string>F25F5562210D36F3195E9BC8</string>
					<string>CFC3D20CD25594D04272E5D9</string>
					<string>5B6A42D0489514BD68EA26CD</string>
					<string>CDC3A753CBCC0944D95BE604</string>
					<string>A1126431A7E64490FE135EA3</string>
					<string>A4E72F1DB030E1F72FB06AC3</string>
					<string>62824D62266D29C64136B148</string>
					<string>FD70209ACC761C872E4B2E74</string>
					<string>0201166E22FE9DBB20EE73BA</string>
					<string>A5A0996AFAF31C0DA24E318E</string>
					<string>B4095C26BE26456DD1812A59</string>
					<string>945007E73BF359DE547EED22</string>
					<string>D04DD7DD978BB2B8E70CF0B0</string>
					<string>8D3A8B6EB3AD50A304ACE4A3</string>
					<string>4ADB88E2FB52E76A471065DE</string>
					<string>5864AD82E20F15536D054EA3</string>
					<string>72A929D3561B8232A182ABFC</string>
					<string>640279EE111671BD026CB013</string>
					<string>8F5205AEF8861EF234F0651A</string>
					<string>62545D179C94265CA1389D4A</string>
					<string>879A251454401BC0B6E4F238</string>
					<string>0546D1A38E13BD319CC9755B</string>
					<string>C4782ECC372420ACE0615B74</string>
					<string>67FE4C7B15C2F0478C8126C2</string>
					<string>510CAFE035E576A4E1502D52</string>
					<string>ADE367465D2A8EBAD4C7A8D9</string>
				</array>
				<key>isa</key>
				<string>PBXSourcesBuildPhase</string>
				<key>runOnlyForDeploymentPostprocessing</key>
				<string>0</string>
			</dict>
			<key>E4B69B590A3A1756003C02F2</key>
			<dict>
				<key>buildActionMask</key>
				<string>2147483647</string>
				<key>files</key>
				<array>
					<string>E4328149138ABC9F0047C5CB</string>
				</array>
				<key>isa</key>
				<string>PBXFrameworksBuildPhase</string>
				<key>runOnlyForDeploymentPostprocessing</key>
				<string>0</string>
			</dict>
			<key>E4B69B5A0A3A1756003C02F2</key>
			<dict>
				<key>buildConfigurationList</key>
				<string>E4B69B5F0A3A1757003C02F2</string>
				<key>buildPhases</key>
				<array>
					<string>E4B69B580A3A1756003C02F2</string>
					<string>E4B69B590A3A1756003C02F2</string>
					<string>E4B6FFFD0C3F9AB9008CF71C</string>
					<string>E4C2427710CC5ABF004149E2</string>
					<string>8466F1851C04CA0E00918B1C</string>
				</array>
				<key>buildRules</key>
				<array />
				<key>dependencies</key>
				<array>
					<string>E4EEB9AC138B136A00A80321</string>
				</array>
				<key>isa</key>
				<string>PBXNativeTarget</string>
				<key>name</key>
				<string>groentenDisplay</string>
				<key>productName</key>
				<string>myOFApp</string>
				<key>productReference</key>
				<string>E4B69B5B0A3A1756003C02F2</string>
				<key>productType</key>
				<string>com.apple.product-type.application</string>
			</dict>
			<key>E4B69B5B0A3A1756003C02F2</key>
			<dict>
				<key>explicitFileType</key>
				<string>wrapper.application</string>
				<key>includeInIndex</key>
				<string>0</string>
				<key>isa</key>
				<string>PBXFileReference</string>
				<key>path</key>
				<string>groentenDisplayDebug.app</string>
				<key>sourceTree</key>
				<string>BUILT_PRODUCTS_DIR</string>
			</dict>
			<key>E4B69B5F0A3A1757003C02F2</key>
			<dict>
				<key>buildConfigurations</key>
				<array>
					<string>E4B69B600A3A1757003C02F2</string>
					<string>E4B69B610A3A1757003C02F2</string>
					<string>99FA3DBC1C7456C400CFA0EE</string>
				</array>
				<key>defaultConfigurationIsVisible</key>
				<string>0</string>
				<key>defaultConfigurationName</key>
				<string>Release</string>
				<key>isa</key>
				<string>XCConfigurationList</string>
			</dict>
			<key>E4B69B600A3A1757003C02F2</key>
			<dict>
				<key>baseConfigurationReference</key>
				<string>E4EB6923138AFD0F00A09F29</string>
				<key>buildSettings</key>
				<dict>
					<key>OTHER_LDFLAGS</key>
					<array>
						<string>$(OF_CORE_FRAMEWORKS) $(OF_CORE_LIBS)</string>
						<string>-lavcodec</string>
						<string>-lavformat</string>
						<string>-lswscale</string>
						<string>-lavutil</string>
						<string>-lswresample</string>
						<string>-lavfilter</string>
						<string>-lm</string>
						<string>-lz</string>
					</array>
					<key>OTHER_CFLAGS</key>
					<array>
						<string>-fPIC</string>
						<string>-U_FORTIFY_SOURCE</string>
						<string>-Wall</string>
						<string>-ftree-vectorize</string>
						<string>-ftree-vectorize</string>
						<string>-Wno-deprecated-declarations</string>
						<string>-Wno-sign-compare</string>
						<string>-Wno-unknown-pragmas</string>
						<string>-Wno-unused-function</string>
						<string>-Wno-unused-but-set-variable</string>
					</array>
					<key>HEADER_SEARCH_PATHS</key>
					<array>
						<string>$(OF_CORE_HEADERS)</string>
						<string>src</string>
						<string>../../../addons/ofxOMXPlayer/src</string>
						<string>../../../addons/ofxOsc/libs</string>
						<string>../../../addons/ofxOsc/libs/oscpack</string>
						<string>../../../addons/ofxOsc/libs/oscpack/src</string>
						<string>../../../addons/ofxOsc/libs/oscpack/src/ip</string>
						<string>../../../addons/ofxOsc/libs/oscpack/src/ip/posix</string>
						<string>../../../addons/ofxOsc/libs/oscpack/src/ip/win32</string>
						<string>../../../addons/ofxOsc/libs/oscpack/src/osc</string>
						<string>../../../addons/ofxOsc/src</string>
					</array>
					<key>COMBINE_HIDPI_IMAGES</key>
					<string>YES</string>
					<key>COPY_PHASE_STRIP</key>
					<string>NO</string>
					<key>FRAMEWORK_SEARCH_PATHS</key>
					<array>
						<string>$(inherited)</string>
					</array>
					<key>GCC_DYNAMIC_NO_PIC</key>
					<string>NO</string>
					<key>GCC_GENERATE_DEBUGGING_SYMBOLS</key>
					<string>YES</string>
					<key>GCC_MODEL_TUNING</key>
					<string>NONE</string>
					<key>ICON</key>
					<string>$(ICON_NAME_DEBUG)</string>
					<key>ICON_FILE</key>
					<string>$(ICON_FILE_PATH)$(ICON)</string>
					<key>INFOPLIST_FILE</key>
					<string>openFrameworks-Info.plist</string>
					<key>INSTALL_PATH</key>
					<string>/Applications</string>
					<key>LIBRARY_SEARCH_PATHS</key>
					<string>$(inherited)</string>
					<key>PRODUCT_NAME</key>
					<string>$(TARGET_NAME)Debug</string>
					<key>WRAPPER_EXTENSION</key>
					<string>app</string>
				</dict>
				<key>isa</key>
				<string>XCBuildConfiguration</string>
				<key>name</key>
				<string>Debug</string>
			</dict>
			<key>E4B69B610A3A1757003C02F2</key>
			<dict>
				<key>baseConfigurationReference</key>
				<string>E4EB6923138AFD0F00A09F29</string>
				<key>buildSettings</key>
				<dict>
					<key>OTHER_LDFLAGS</key>
					<array>
						<string>$(OF_CORE_FRAMEWORKS) $(OF_CORE_LIBS)</string>
						<string>-lavcodec</string>
						<string>-lavformat</string>
						<string>-lswscale</string>
						<string>-lavutil</string>
						<string>-lswresample</string>
						<string>-lavfilter</string>
						<string>-lm</string>
						<string>-lz</string>
					</array>
					<key>OTHER_CFLAGS</key>
					<array>
						<string>-fPIC</string>
						<string>-U_FORTIFY_SOURCE</string>
						<string>-Wall</string>
						<string>-ftree-vectorize</string>
						<string>-ftree-vectorize</string>
						<string>-Wno-deprecated-declarations</string>
						<string>-Wno-sign-compare</string>
						<string>-Wno-unknown-pragmas</string>
						<string>-Wno-unused-function</string>
						<string>-Wno-unused-but-set-variable</string>
					</array>
					<key>HEADER_SEARCH_PATHS</key>
					<array>
						<string>$(OF_CORE_HEADERS)</string>
						<string>src</string>
						<string>../../../addons/ofxOMXPlayer/src</string>
						<string>../../../addons/ofxOsc/libs</string>
						<string>../../../addons/ofxOsc/libs/oscpack</string>
						<string>../../../addons/ofxOsc/libs/oscpack/src</string>
						<string>../../../addons/ofxOsc/libs/oscpack/src/ip</string>
						<string>../../../addons/ofxOsc/libs/oscpack/src/ip/posix</string>
						<string>../../../addons/ofxOsc/libs/oscpack/src/ip/win32</string>
						<string>../../../addons/ofxOsc/libs/oscpack/src/osc</string>
						<string>../../../addons/ofxOsc/src</string>
					</array>
					<key>COMBINE_HIDPI_IMAGES</key>
					<string>YES</string>
					<key>COPY_PHASE_STRIP</key>
					<string>YES</string>
					<key>FRAMEWORK_SEARCH_PATHS</key>
					<array>
						<string>$(inherited)</string>
					</array>
					<key>GCC_GENERATE_DEBUGGING_SYMBOLS</key>
					<string>YES</string>
					<key>GCC_MODEL_TUNING</key>
					<string>NONE</string>
					<key>ICON</key>
					<string>$(ICON_NAME_RELEASE)</string>
					<key>ICON_FILE</key>
					<string>$(ICON_FILE_PATH)$(ICON)</string>
					<key>INFOPLIST_FILE</key>
					<string>openFrameworks-Info.plist</string>
					<key>INSTALL_PATH</key>
					<string>/Applications</string>
					<key>LIBRARY_SEARCH_PATHS</key>
					<string>$(inherited)</string>
					<key>PRODUCT_NAME</key>
					<string>$(TARGET_NAME)</string>
					<key>WRAPPER_EXTENSION</key>
					<string>app</string>
					<key>baseConfigurationReference</key>
					<string>E4EB6923138AFD0F00A09F29</string>
				</dict>
				<key>isa</key>
				<string>XCBuildConfiguration</string>
				<key>name</key>
				<string>Release</string>
			</dict>
			<key>E4B69E1C0A3A1BDC003C02F2</key>
			<dict>
				<key>children</key>
				<array>
					<string>E4B69E1D0A3A1BDC003C02F2</string>
					<string>E4B69E1E0A3A1BDC003C02F2</string>
					<string>E4B69E1F0A3A1BDC003C02F2</string>
					<string>B2E09F1D6D63473094A38B00</string>
				</array>
				<key>isa</key>
				<string>PBXGroup</string>
				<key>path</key>
				<string>src</string>
				<key>sourceTree</key>
				<string>SOURCE_ROOT</string>
			</dict>
			<key>E4B69E1D0A3A1BDC003C02F2</key>
			<dict>
				<key>fileEncoding</key>
				<string>4</string>
				<key>isa</key>
				<string>PBXFileReference</string>
				<key>lastKnownFileType</key>
				<string>sourcecode.cpp.cpp</string>
				<key>name</key>
				<string>main.cpp</string>
				<key>path</key>
				<string>src/main.cpp</string>
				<key>sourceTree</key>
				<string>SOURCE_ROOT</string>
			</dict>
			<key>E4B69E1E0A3A1BDC003C02F2</key>
			<dict>
				<key>explicitFileType</key>
				<string>sourcecode.cpp.cpp</string>
				<key>fileEncoding</key>
				<string>4</string>
				<key>isa</key>
				<string>PBXFileReference</string>
				<key>name</key>
				<string>ofApp.cpp</string>
				<key>path</key>
				<string>src/ofApp.cpp</string>
				<key>sourceTree</key>
				<string>SOURCE_ROOT</string>
			</dict>
			<key>E4B69E1F0A3A1BDC003C02F2</key>
			<dict>
				<key>fileEncoding</key>
				<string>4</string>
				<key>isa</key>
				<string>PBXFileReference</string>
				<key>lastKnownFileType</key>
				<string>sourcecode.c.h</string>
				<key>name</key>
				<string>ofApp.h</string>
				<key>path</key>
				<string>src/ofApp.h</string>
				<key>sourceTree</key>
				<string>SOURCE_ROOT</string>
			</dict>
			<key>E4B69E200A3A1BDC003C02F2</key>
			<dict>
				<key>fileRef</key>
				<string>E4B69E1D0A3A1BDC003C02F2</string>
				<key>isa</key>
				<string>PBXBuildFile</string>
			</dict>
			<key>E4B69E210A3A1BDC003C02F2</key>
			<dict>
				<key>fileRef</key>
				<string>E4B69E1E0A3A1BDC003C02F2</string>
				<key>isa</key>
				<string>PBXBuildFile</string>
			</dict>
			<key>E4B6FCAD0C3E899E008CF71C</key>
			<dict>
				<key>fileEncoding</key>
				<string>4</string>
				<key>isa</key>
				<string>PBXFileReference</string>
				<key>lastKnownFileType</key>
				<string>text.plist.xml</string>
				<key>path</key>
				<string>openFrameworks-Info.plist</string>
				<key>sourceTree</key>
				<string>&lt;group&gt;</string>
			</dict>
			<key>E4B6FFFD0C3F9AB9008CF71C</key>
			<dict>
				<key>buildActionMask</key>
				<string>2147483647</string>
				<key>files</key>
				<array />
				<key>inputPaths</key>
				<array />
				<key>isa</key>
				<string>PBXShellScriptBuildPhase</string>
				<key>outputPaths</key>
				<array />
				<key>runOnlyForDeploymentPostprocessing</key>
				<string>0</string>
				<key>shellPath</key>
				<string>/bin/sh</string>
				<key>shellScript</key>
				<string>mkdir -p "$TARGET_BUILD_DIR/$PRODUCT_NAME.app/Contents/Resources/"
# Copy default icon file into App/Resources
rsync -aved "$ICON_FILE" "$TARGET_BUILD_DIR/$PRODUCT_NAME.app/Contents/Resources/"
# Copy libfmod and change install directory for fmod to run
rsync -aved "$OF_PATH/libs/fmodex/lib/osx/libfmodex.dylib" "$TARGET_BUILD_DIR/$PRODUCT_NAME.app/Contents/Frameworks/";
install_name_tool -change @executable_path/libfmodex.dylib @executable_path/../Frameworks/libfmodex.dylib "$TARGET_BUILD_DIR/$PRODUCT_NAME.app/Contents/MacOS/$PRODUCT_NAME";

echo "$GCC_PREPROCESSOR_DEFINITIONS";
</string>
			</dict>
			<key>E4C2427710CC5ABF004149E2</key>
			<dict>
				<key>buildActionMask</key>
				<string>2147483647</string>
				<key>dstPath</key>
				<string />
				<key>dstSubfolderSpec</key>
				<string>10</string>
				<key>files</key>
				<array />
				<key>isa</key>
				<string>PBXCopyFilesBuildPhase</string>
				<key>runOnlyForDeploymentPostprocessing</key>
				<string>0</string>
			</dict>
			<key>E4EB691F138AFCF100A09F29</key>
			<dict>
				<key>fileEncoding</key>
				<string>4</string>
				<key>isa</key>
				<string>PBXFileReference</string>
				<key>lastKnownFileType</key>
				<string>text.xcconfig</string>
				<key>name</key>
				<string>CoreOF.xcconfig</string>
				<key>path</key>
				<string>../../../libs/openFrameworksCompiled/project/osx/CoreOF.xcconfig</string>
				<key>sourceTree</key>
				<string>SOURCE_ROOT</string>
			</dict>
			<key>E4EB6923138AFD0F00A09F29</key>
			<dict>
				<key>fileEncoding</key>
				<string>4</string>
				<key>isa</key>
				<string>PBXFileReference</string>
				<key>lastKnownFileType</key>
				<string>text.xcconfig</string>
				<key>path</key>
				<string>Project.xcconfig</string>
				<key>sourceTree</key>
				<string>&lt;group&gt;</string>
			</dict>
			<key>E4EEB9AB138B136A00A80321</key>
			<dict>
				<key>containerPortal</key>
				<string>E4328143138ABC890047C5CB</string>
				<key>isa</key>
				<string>PBXContainerItemProxy</string>
				<key>proxyType</key>
				<string>1</string>
				<key>remoteGlobalIDString</key>
				<string>E4B27C1410CBEB8E00536013</string>
				<key>remoteInfo</key>
				<string>openFrameworks</string>
			</dict>
			<key>E4EEB9AC138B136A00A80321</key>
			<dict>
				<key>isa</key>
				<string>PBXTargetDependency</string>
				<key>name</key>
				<string>openFrameworks</string>
				<key>targetProxy</key>
				<string>E4EEB9AB138B136A00A80321</string>
			</dict>
			<key>E4EEC9E9138DF44700A80321</key>
			<dict>
				<key>children</key>
				<array>
					<string>E4EB691F138AFCF100A09F29</string>
					<string>E4328143138ABC890047C5CB</string>
				</array>
				<key>isa</key>
				<string>PBXGroup</string>
				<key>name</key>
				<string>openFrameworks</string>
				<key>sourceTree</key>
				<string>&lt;group&gt;</string>
			</dict>
		</dict>
		<key>rootObject</key>
		<string>E4B69B4C0A3A1720003C02F2</string>
	</dict>
</plist>
